// !$*UTF8*$!
{
	archiveVersion = 1;
	classes = {
	};
	objectVersion = 50;
	objects = {

/* Begin PBXBuildFile section */
		8813C97824DE534600EEF207 /* AnimationTest.swift in Sources */ = {isa = PBXBuildFile; fileRef = 8813C97724DE534600EEF207 /* AnimationTest.swift */; };
		8813C97C24DFAB0000EEF207 /* PopRootViewController.swift in Sources */ = {isa = PBXBuildFile; fileRef = 8813C97B24DFAB0000EEF207 /* PopRootViewController.swift */; };
		8813C98224E182F500EEF207 /* DecimalTextField.swift in Sources */ = {isa = PBXBuildFile; fileRef = 8813C98124E182F500EEF207 /* DecimalTextField.swift */; };
		8813C98424E2D05900EEF207 /* DateHelper.swift in Sources */ = {isa = PBXBuildFile; fileRef = 8813C98324E2D05900EEF207 /* DateHelper.swift */; };
		8813C98624E2F75300EEF207 /* ViewReconstruct.swift in Sources */ = {isa = PBXBuildFile; fileRef = 8813C98524E2F75300EEF207 /* ViewReconstruct.swift */; };
		8813C98824E3D5C900EEF207 /* DragTest.swift in Sources */ = {isa = PBXBuildFile; fileRef = 8813C98724E3D5C900EEF207 /* DragTest.swift */; };
		8819A36E252EE4F30019FB7C /* EventList.swift in Sources */ = {isa = PBXBuildFile; fileRef = 8819A36D252EE4F30019FB7C /* EventList.swift */; };
		882DB44D2524CFE1007E046A /* DeallocPrinter.swift in Sources */ = {isa = PBXBuildFile; fileRef = 882DB44C2524CFE1007E046A /* DeallocPrinter.swift */; };
		882DB44F25270D75007E046A /* OnHoverLeak.swift in Sources */ = {isa = PBXBuildFile; fileRef = 882DB44E25270D75007E046A /* OnHoverLeak.swift */; };
		882DB45125271732007E046A /* HoverAwareView.swift in Sources */ = {isa = PBXBuildFile; fileRef = 882DB45025271732007E046A /* HoverAwareView.swift */; };
		8858AB4024D5497A00D729CA /* ArcProgress.swift in Sources */ = {isa = PBXBuildFile; fileRef = 8858AB3C24D5497A00D729CA /* ArcProgress.swift */; };
		8858AB4124D5497A00D729CA /* CircularProgress.swift in Sources */ = {isa = PBXBuildFile; fileRef = 8858AB3D24D5497A00D729CA /* CircularProgress.swift */; };
		8858AB4224D5497A00D729CA /* LinearProgress.swift in Sources */ = {isa = PBXBuildFile; fileRef = 8858AB3E24D5497A00D729CA /* LinearProgress.swift */; };
		8858AB4324D5497A00D729CA /* FilledCircleProgress.swift in Sources */ = {isa = PBXBuildFile; fileRef = 8858AB3F24D5497A00D729CA /* FilledCircleProgress.swift */; };
		8858AB4624D5920400D729CA /* TimerView.swift in Sources */ = {isa = PBXBuildFile; fileRef = 8858AB4524D5920400D729CA /* TimerView.swift */; };
		8858AB4824D6D8EA00D729CA /* TestNewWindow.swift in Sources */ = {isa = PBXBuildFile; fileRef = 8858AB4724D6D8EA00D729CA /* TestNewWindow.swift */; };
		8858ABBB24DD252B00D729CA /* SystemUIGuide.swift in Sources */ = {isa = PBXBuildFile; fileRef = 8858ABBA24DD252B00D729CA /* SystemUIGuide.swift */; };
		885BEEA02528325800B3D61E /* TestNotification.swift in Sources */ = {isa = PBXBuildFile; fileRef = 885BEE9F2528325800B3D61E /* TestNotification.swift */; };
		885BEEA22528563100B3D61E /* ShakeView.swift in Sources */ = {isa = PBXBuildFile; fileRef = 885BEEA12528563100B3D61E /* ShakeView.swift */; };
		885BEEA42529C42B00B3D61E /* PopEventEdit.swift in Sources */ = {isa = PBXBuildFile; fileRef = 885BEEA32529C42B00B3D61E /* PopEventEdit.swift */; };
		885BEEA62529E47600B3D61E /* TestTapAndMove.swift in Sources */ = {isa = PBXBuildFile; fileRef = 885BEEA52529E47600B3D61E /* TestTapAndMove.swift */; };
		885BEEC72529F16A00B3D61E /* ComposeGesture.swift in Sources */ = {isa = PBXBuildFile; fileRef = 885BEEC62529F16A00B3D61E /* ComposeGesture.swift */; };
		885BEEC9252A0F8600B3D61E /* MouseUpDown.swift in Sources */ = {isa = PBXBuildFile; fileRef = 885BEEC8252A0F8600B3D61E /* MouseUpDown.swift */; };
		885BEECB252A19C700B3D61E /* MagnificationGestureView.swift in Sources */ = {isa = PBXBuildFile; fileRef = 885BEECA252A19C700B3D61E /* MagnificationGestureView.swift */; };
		8867F35324D320FF007DE930 /* EventRow.swift in Sources */ = {isa = PBXBuildFile; fileRef = 8867F35224D320FF007DE930 /* EventRow.swift */; };
		886A9841254AF41100C25A7A /* EventListNSTableController.swift in Sources */ = {isa = PBXBuildFile; fileRef = 886A9840254AF41100C25A7A /* EventListNSTableController.swift */; };
		886A9843254C06F500C25A7A /* EventRowStatic.swift in Sources */ = {isa = PBXBuildFile; fileRef = 886A9842254C06F500C25A7A /* EventRowStatic.swift */; };
		886A9864254D316F00C25A7A /* AppTimer.swift in Sources */ = {isa = PBXBuildFile; fileRef = 886A9863254D316F00C25A7A /* AppTimer.swift */; };
		886D0514252D68FF00179E7F /* TestNSView.swift in Sources */ = {isa = PBXBuildFile; fileRef = 886D0513252D68FF00179E7F /* TestNSView.swift */; };
		886D1B8425401DC500326C5A /* AppDelegate.swift in Sources */ = {isa = PBXBuildFile; fileRef = 886D1B8325401DC500326C5A /* AppDelegate.swift */; };
		886D1B8825401DCA00326C5A /* Assets.xcassets in Resources */ = {isa = PBXBuildFile; fileRef = 886D1B8725401DCA00326C5A /* Assets.xcassets */; };
		886D1B8B25401DCA00326C5A /* Preview Assets.xcassets in Resources */ = {isa = PBXBuildFile; fileRef = 886D1B8A25401DCA00326C5A /* Preview Assets.xcassets */; };
		886D1B8E25401DCA00326C5A /* Main.storyboard in Resources */ = {isa = PBXBuildFile; fileRef = 886D1B8C25401DCA00326C5A /* Main.storyboard */; };
		886D1B952540261700326C5A /* LaunchHelper.app in CopyFiles */ = {isa = PBXBuildFile; fileRef = 886D1B8125401DC400326C5A /* LaunchHelper.app */; settings = {ATTRIBUTES = (RemoveHeadersOnCopy, ); }; };
		886F659C254296EE00E3A354 /* TestTabView.swift in Sources */ = {isa = PBXBuildFile; fileRef = 886F659B254296EE00E3A354 /* TestTabView.swift */; };
		886F659E254297A700E3A354 /* TestCustomedTabView.swift in Sources */ = {isa = PBXBuildFile; fileRef = 886F659D254297A700E3A354 /* TestCustomedTabView.swift */; };
		888B298625446B71003C48CD /* TestPreference.swift in Sources */ = {isa = PBXBuildFile; fileRef = 888B298525446B71003C48CD /* TestPreference.swift */; };
		888B298825447B98003C48CD /* TestAnimatorResize.swift in Sources */ = {isa = PBXBuildFile; fileRef = 888B298725447B98003C48CD /* TestAnimatorResize.swift */; };
		889732A6254077A10064D200 /* TestSettingsView.swift in Sources */ = {isa = PBXBuildFile; fileRef = 889732A5254077A10064D200 /* TestSettingsView.swift */; };
		889AAF2E253AEC39005D9470 /* DynamicColorMacOS.framework in Frameworks */ = {isa = PBXBuildFile; fileRef = 889AAF2D253AEC39005D9470 /* DynamicColorMacOS.framework */; };
		889AAF2F253AEC39005D9470 /* DynamicColorMacOS.framework in Embed Frameworks */ = {isa = PBXBuildFile; fileRef = 889AAF2D253AEC39005D9470 /* DynamicColorMacOS.framework */; settings = {ATTRIBUTES = (CodeSignOnCopy, RemoveHeadersOnCopy, ); }; };
		889DC3B62553C452008218AF /* Localizable.strings in Resources */ = {isa = PBXBuildFile; fileRef = 889DC3B82553C452008218AF /* Localizable.strings */; };
		88AE8F542547F9C2001934CA /* TestPicker.swift in Sources */ = {isa = PBXBuildFile; fileRef = 88AE8F532547F9C2001934CA /* TestPicker.swift */; };
		88AE8F5625483F11001934CA /* PreferencesWindowController.swift in Sources */ = {isa = PBXBuildFile; fileRef = 88AE8F5525483F11001934CA /* PreferencesWindowController.swift */; };
		88AE8F5825484010001934CA /* AboutView.swift in Sources */ = {isa = PBXBuildFile; fileRef = 88AE8F5725484010001934CA /* AboutView.swift */; };
		88AE8F5A25484045001934CA /* SettingsView.swift in Sources */ = {isa = PBXBuildFile; fileRef = 88AE8F5925484045001934CA /* SettingsView.swift */; };
		88AE8F5C25484248001934CA /* PreferencesView.swift in Sources */ = {isa = PBXBuildFile; fileRef = 88AE8F5B25484248001934CA /* PreferencesView.swift */; };
		88B3806F24DD865E000C048A /* UITest.swift in Sources */ = {isa = PBXBuildFile; fileRef = 88B3806E24DD865E000C048A /* UITest.swift */; };
		88B3807124DE4022000C048A /* ProgressTest.swift in Sources */ = {isa = PBXBuildFile; fileRef = 88B3807024DE4022000C048A /* ProgressTest.swift */; };
		88B3F218255046A7003A4DF1 /* TestAlertView.swift in Sources */ = {isa = PBXBuildFile; fileRef = 88B3F217255046A7003A4DF1 /* TestAlertView.swift */; };
		88B5C2F324EF751E00AC2195 /* Theme.swift in Sources */ = {isa = PBXBuildFile; fileRef = 88B5C2F224EF751E00AC2195 /* Theme.swift */; };
		88B5C2F524F0B37E00AC2195 /* Helper.swift in Sources */ = {isa = PBXBuildFile; fileRef = 88B5C2F424F0B37E00AC2195 /* Helper.swift */; };
		88B5C2F724F101A500AC2195 /* UserData.swift in Sources */ = {isa = PBXBuildFile; fileRef = 88B5C2F624F101A500AC2195 /* UserData.swift */; };
		88B5C2F924F1020900AC2195 /* Preference.swift in Sources */ = {isa = PBXBuildFile; fileRef = 88B5C2F824F1020900AC2195 /* Preference.swift */; };
		88B5C2FB24F1404A00AC2195 /* UserDefaultTest.swift in Sources */ = {isa = PBXBuildFile; fileRef = 88B5C2FA24F1404A00AC2195 /* UserDefaultTest.swift */; };
		88B5C2FE24F49F6600AC2195 /* StickyNoteView.swift in Sources */ = {isa = PBXBuildFile; fileRef = 88B5C2FD24F49F6600AC2195 /* StickyNoteView.swift */; };
		88B5C30024F534BA00AC2195 /* StickyNoteController.swift in Sources */ = {isa = PBXBuildFile; fileRef = 88B5C2FF24F534BA00AC2195 /* StickyNoteController.swift */; };
		88B5C30224F7EC0A00AC2195 /* StickyNoteWindow.swift in Sources */ = {isa = PBXBuildFile; fileRef = 88B5C30124F7EC0A00AC2195 /* StickyNoteWindow.swift */; };
		88BECD9F254EB51600CD4488 /* TestDatePicker.swift in Sources */ = {isa = PBXBuildFile; fileRef = 88BECD9E254EB51600CD4488 /* TestDatePicker.swift */; };
		88EFE81F24FB453200554133 /* ColorView.swift in Sources */ = {isa = PBXBuildFile; fileRef = 88EFE81E24FB453200554133 /* ColorView.swift */; };
		88F5EDD024CE6C2500212DCC /* AppDelegate.swift in Sources */ = {isa = PBXBuildFile; fileRef = 88F5EDCF24CE6C2500212DCC /* AppDelegate.swift */; };
		88F5EDD224CE6C2500212DCC /* ContentView.swift in Sources */ = {isa = PBXBuildFile; fileRef = 88F5EDD124CE6C2500212DCC /* ContentView.swift */; };
		88F5EDD424CE6C2800212DCC /* Assets.xcassets in Resources */ = {isa = PBXBuildFile; fileRef = 88F5EDD324CE6C2800212DCC /* Assets.xcassets */; };
		88F5EDD724CE6C2800212DCC /* Preview Assets.xcassets in Resources */ = {isa = PBXBuildFile; fileRef = 88F5EDD624CE6C2800212DCC /* Preview Assets.xcassets */; };
		88F5EDDA24CE6C2800212DCC /* Main.storyboard in Resources */ = {isa = PBXBuildFile; fileRef = 88F5EDD824CE6C2800212DCC /* Main.storyboard */; };
		88F5EDE524CEABFF00212DCC /* StatusBarController.swift in Sources */ = {isa = PBXBuildFile; fileRef = 88F5EDE424CEABFF00212DCC /* StatusBarController.swift */; };
		88F5EDE724CEB0C300212DCC /* PopRootView.swift in Sources */ = {isa = PBXBuildFile; fileRef = 88F5EDE624CEB0C300212DCC /* PopRootView.swift */; };
		88F5EDEA24CEB9D700212DCC /* EventMonitor.swift in Sources */ = {isa = PBXBuildFile; fileRef = 88F5EDE924CEB9D700212DCC /* EventMonitor.swift */; };
		88F5EDF124CEC3D700212DCC /* XCGLogger.framework in Frameworks */ = {isa = PBXBuildFile; fileRef = 88F5EDF024CEC3D700212DCC /* XCGLogger.framework */; };
		88F5EDF224CEC3D700212DCC /* XCGLogger.framework in Embed Frameworks */ = {isa = PBXBuildFile; fileRef = 88F5EDF024CEC3D700212DCC /* XCGLogger.framework */; settings = {ATTRIBUTES = (CodeSignOnCopy, RemoveHeadersOnCopy, ); }; };
		88F5EDF824CEEDDA00212DCC /* Extension.swift in Sources */ = {isa = PBXBuildFile; fileRef = 88F5EDF724CEEDDA00212DCC /* Extension.swift */; };
		88F5EDFB24CF2A7200212DCC /* SQLite.framework in Frameworks */ = {isa = PBXBuildFile; fileRef = 88F5EDFA24CF2A7200212DCC /* SQLite.framework */; };
		88F5EDFC24CF2A7200212DCC /* SQLite.framework in Embed Frameworks */ = {isa = PBXBuildFile; fileRef = 88F5EDFA24CF2A7200212DCC /* SQLite.framework */; settings = {ATTRIBUTES = (CodeSignOnCopy, RemoveHeadersOnCopy, ); }; };
		88F5EE0124CFB8EE00212DCC /* CountdownEvent.swift in Sources */ = {isa = PBXBuildFile; fileRef = 88F5EE0024CFB8EE00212DCC /* CountdownEvent.swift */; };
		88F5EE0324D163A100212DCC /* TestView.swift in Sources */ = {isa = PBXBuildFile; fileRef = 88F5EE0224D163A100212DCC /* TestView.swift */; };
		88F5EE0D24D2AA7700212DCC /* PopEventList.swift in Sources */ = {isa = PBXBuildFile; fileRef = 88F5EE0C24D2AA7700212DCC /* PopEventList.swift */; };
		88F5EE1124D2EB1000212DCC /* Initializer.swift in Sources */ = {isa = PBXBuildFile; fileRef = 88F5EE1024D2EB1000212DCC /* Initializer.swift */; };
		88F5EE1324D2EBBD00212DCC /* Global.swift in Sources */ = {isa = PBXBuildFile; fileRef = 88F5EE1224D2EBBD00212DCC /* Global.swift */; };
		88FDB3EA25372A3700E59256 /* ExtensionSQLite.swift in Sources */ = {isa = PBXBuildFile; fileRef = 88FDB3E925372A3700E59256 /* ExtensionSQLite.swift */; };
		88FDB3EC2539BF3D00E59256 /* ExtensionSwiftUI.swift in Sources */ = {isa = PBXBuildFile; fileRef = 88FDB3EB2539BF3D00E59256 /* ExtensionSwiftUI.swift */; };
/* End PBXBuildFile section */

/* Begin PBXCopyFilesBuildPhase section */
		886D1B94254025CD00326C5A /* CopyFiles */ = {
			isa = PBXCopyFilesBuildPhase;
			buildActionMask = 2147483647;
			dstPath = Contents/Library/LoginItems;
			dstSubfolderSpec = 1;
			files = (
				886D1B952540261700326C5A /* LaunchHelper.app in CopyFiles */,
			);
			runOnlyForDeploymentPostprocessing = 0;
		};
		88F5EDF324CEC3D700212DCC /* Embed Frameworks */ = {
			isa = PBXCopyFilesBuildPhase;
			buildActionMask = 2147483647;
			dstPath = "";
			dstSubfolderSpec = 10;
			files = (
				889AAF2F253AEC39005D9470 /* DynamicColorMacOS.framework in Embed Frameworks */,
				88F5EDFC24CF2A7200212DCC /* SQLite.framework in Embed Frameworks */,
				88F5EDF224CEC3D700212DCC /* XCGLogger.framework in Embed Frameworks */,
			);
			name = "Embed Frameworks";
			runOnlyForDeploymentPostprocessing = 0;
		};
/* End PBXCopyFilesBuildPhase section */

/* Begin PBXFileReference section */
		8813C97724DE534600EEF207 /* AnimationTest.swift */ = {isa = PBXFileReference; lastKnownFileType = sourcecode.swift; path = AnimationTest.swift; sourceTree = "<group>"; };
		8813C97B24DFAB0000EEF207 /* PopRootViewController.swift */ = {isa = PBXFileReference; lastKnownFileType = sourcecode.swift; path = PopRootViewController.swift; sourceTree = "<group>"; };
		8813C98124E182F500EEF207 /* DecimalTextField.swift */ = {isa = PBXFileReference; lastKnownFileType = sourcecode.swift; path = DecimalTextField.swift; sourceTree = "<group>"; };
		8813C98324E2D05900EEF207 /* DateHelper.swift */ = {isa = PBXFileReference; fileEncoding = 4; lastKnownFileType = sourcecode.swift; path = DateHelper.swift; sourceTree = "<group>"; };
		8813C98524E2F75300EEF207 /* ViewReconstruct.swift */ = {isa = PBXFileReference; lastKnownFileType = sourcecode.swift; path = ViewReconstruct.swift; sourceTree = "<group>"; };
		8813C98724E3D5C900EEF207 /* DragTest.swift */ = {isa = PBXFileReference; lastKnownFileType = sourcecode.swift; path = DragTest.swift; sourceTree = "<group>"; };
		8819A36D252EE4F30019FB7C /* EventList.swift */ = {isa = PBXFileReference; lastKnownFileType = sourcecode.swift; path = EventList.swift; sourceTree = "<group>"; };
		882DB44C2524CFE1007E046A /* DeallocPrinter.swift */ = {isa = PBXFileReference; lastKnownFileType = sourcecode.swift; path = DeallocPrinter.swift; sourceTree = "<group>"; };
		882DB44E25270D75007E046A /* OnHoverLeak.swift */ = {isa = PBXFileReference; lastKnownFileType = sourcecode.swift; path = OnHoverLeak.swift; sourceTree = "<group>"; };
		882DB45025271732007E046A /* HoverAwareView.swift */ = {isa = PBXFileReference; lastKnownFileType = sourcecode.swift; path = HoverAwareView.swift; sourceTree = "<group>"; };
		8858AB3C24D5497A00D729CA /* ArcProgress.swift */ = {isa = PBXFileReference; fileEncoding = 4; lastKnownFileType = sourcecode.swift; path = ArcProgress.swift; sourceTree = "<group>"; };
		8858AB3D24D5497A00D729CA /* CircularProgress.swift */ = {isa = PBXFileReference; fileEncoding = 4; lastKnownFileType = sourcecode.swift; path = CircularProgress.swift; sourceTree = "<group>"; };
		8858AB3E24D5497A00D729CA /* LinearProgress.swift */ = {isa = PBXFileReference; fileEncoding = 4; lastKnownFileType = sourcecode.swift; path = LinearProgress.swift; sourceTree = "<group>"; };
		8858AB3F24D5497A00D729CA /* FilledCircleProgress.swift */ = {isa = PBXFileReference; fileEncoding = 4; lastKnownFileType = sourcecode.swift; path = FilledCircleProgress.swift; sourceTree = "<group>"; };
		8858AB4524D5920400D729CA /* TimerView.swift */ = {isa = PBXFileReference; lastKnownFileType = sourcecode.swift; path = TimerView.swift; sourceTree = "<group>"; };
		8858AB4724D6D8EA00D729CA /* TestNewWindow.swift */ = {isa = PBXFileReference; lastKnownFileType = sourcecode.swift; path = TestNewWindow.swift; sourceTree = "<group>"; };
		8858ABBA24DD252B00D729CA /* SystemUIGuide.swift */ = {isa = PBXFileReference; lastKnownFileType = sourcecode.swift; path = SystemUIGuide.swift; sourceTree = "<group>"; };
		885BEE9F2528325800B3D61E /* TestNotification.swift */ = {isa = PBXFileReference; lastKnownFileType = sourcecode.swift; path = TestNotification.swift; sourceTree = "<group>"; };
		885BEEA12528563100B3D61E /* ShakeView.swift */ = {isa = PBXFileReference; lastKnownFileType = sourcecode.swift; path = ShakeView.swift; sourceTree = "<group>"; };
		885BEEA32529C42B00B3D61E /* PopEventEdit.swift */ = {isa = PBXFileReference; lastKnownFileType = sourcecode.swift; path = PopEventEdit.swift; sourceTree = "<group>"; };
		885BEEA52529E47600B3D61E /* TestTapAndMove.swift */ = {isa = PBXFileReference; lastKnownFileType = sourcecode.swift; path = TestTapAndMove.swift; sourceTree = "<group>"; };
		885BEEC62529F16A00B3D61E /* ComposeGesture.swift */ = {isa = PBXFileReference; lastKnownFileType = sourcecode.swift; path = ComposeGesture.swift; sourceTree = "<group>"; };
		885BEEC8252A0F8600B3D61E /* MouseUpDown.swift */ = {isa = PBXFileReference; lastKnownFileType = sourcecode.swift; path = MouseUpDown.swift; sourceTree = "<group>"; };
		885BEECA252A19C700B3D61E /* MagnificationGestureView.swift */ = {isa = PBXFileReference; lastKnownFileType = sourcecode.swift; path = MagnificationGestureView.swift; sourceTree = "<group>"; };
		8867F35224D320FF007DE930 /* EventRow.swift */ = {isa = PBXFileReference; lastKnownFileType = sourcecode.swift; path = EventRow.swift; sourceTree = "<group>"; };
		886A9840254AF41100C25A7A /* EventListNSTableController.swift */ = {isa = PBXFileReference; lastKnownFileType = sourcecode.swift; path = EventListNSTableController.swift; sourceTree = "<group>"; };
		886A9842254C06F500C25A7A /* EventRowStatic.swift */ = {isa = PBXFileReference; lastKnownFileType = sourcecode.swift; path = EventRowStatic.swift; sourceTree = "<group>"; };
		886A9863254D316F00C25A7A /* AppTimer.swift */ = {isa = PBXFileReference; lastKnownFileType = sourcecode.swift; path = AppTimer.swift; sourceTree = "<group>"; };
		886D0513252D68FF00179E7F /* TestNSView.swift */ = {isa = PBXFileReference; lastKnownFileType = sourcecode.swift; path = TestNSView.swift; sourceTree = "<group>"; };
		886D1B8125401DC400326C5A /* LaunchHelper.app */ = {isa = PBXFileReference; explicitFileType = wrapper.application; includeInIndex = 0; path = LaunchHelper.app; sourceTree = BUILT_PRODUCTS_DIR; };
		886D1B8325401DC500326C5A /* AppDelegate.swift */ = {isa = PBXFileReference; lastKnownFileType = sourcecode.swift; path = AppDelegate.swift; sourceTree = "<group>"; };
		886D1B8725401DCA00326C5A /* Assets.xcassets */ = {isa = PBXFileReference; lastKnownFileType = folder.assetcatalog; path = Assets.xcassets; sourceTree = "<group>"; };
		886D1B8A25401DCA00326C5A /* Preview Assets.xcassets */ = {isa = PBXFileReference; lastKnownFileType = folder.assetcatalog; path = "Preview Assets.xcassets"; sourceTree = "<group>"; };
		886D1B8D25401DCA00326C5A /* Base */ = {isa = PBXFileReference; lastKnownFileType = file.storyboard; name = Base; path = Base.lproj/Main.storyboard; sourceTree = "<group>"; };
		886D1B8F25401DCA00326C5A /* Info.plist */ = {isa = PBXFileReference; lastKnownFileType = text.plist.xml; path = Info.plist; sourceTree = "<group>"; };
		886D1B9025401DCA00326C5A /* LaunchHelper.entitlements */ = {isa = PBXFileReference; lastKnownFileType = text.plist.entitlements; path = LaunchHelper.entitlements; sourceTree = "<group>"; };
		886F659B254296EE00E3A354 /* TestTabView.swift */ = {isa = PBXFileReference; lastKnownFileType = sourcecode.swift; path = TestTabView.swift; sourceTree = "<group>"; };
		886F659D254297A700E3A354 /* TestCustomedTabView.swift */ = {isa = PBXFileReference; lastKnownFileType = sourcecode.swift; path = TestCustomedTabView.swift; sourceTree = "<group>"; };
		888B298525446B71003C48CD /* TestPreference.swift */ = {isa = PBXFileReference; lastKnownFileType = sourcecode.swift; path = TestPreference.swift; sourceTree = "<group>"; };
		888B298725447B98003C48CD /* TestAnimatorResize.swift */ = {isa = PBXFileReference; lastKnownFileType = sourcecode.swift; path = TestAnimatorResize.swift; sourceTree = "<group>"; };
		889732A5254077A10064D200 /* TestSettingsView.swift */ = {isa = PBXFileReference; lastKnownFileType = sourcecode.swift; path = TestSettingsView.swift; sourceTree = "<group>"; };
		889AAF2D253AEC39005D9470 /* DynamicColorMacOS.framework */ = {isa = PBXFileReference; lastKnownFileType = wrapper.framework; name = DynamicColorMacOS.framework; path = Carthage/Build/Mac/DynamicColorMacOS.framework; sourceTree = "<group>"; };
		889DC3B72553C452008218AF /* en */ = {isa = PBXFileReference; lastKnownFileType = text.plist.strings; name = en; path = en.lproj/Localizable.strings; sourceTree = "<group>"; };
		889DC3B92553C535008218AF /* zh-Hans */ = {isa = PBXFileReference; lastKnownFileType = text.plist.strings; name = "zh-Hans"; path = "zh-Hans.lproj/Localizable.strings"; sourceTree = "<group>"; };
		88AE8F532547F9C2001934CA /* TestPicker.swift */ = {isa = PBXFileReference; lastKnownFileType = sourcecode.swift; path = TestPicker.swift; sourceTree = "<group>"; };
		88AE8F5525483F11001934CA /* PreferencesWindowController.swift */ = {isa = PBXFileReference; lastKnownFileType = sourcecode.swift; path = PreferencesWindowController.swift; sourceTree = "<group>"; };
		88AE8F5725484010001934CA /* AboutView.swift */ = {isa = PBXFileReference; lastKnownFileType = sourcecode.swift; path = AboutView.swift; sourceTree = "<group>"; };
		88AE8F5925484045001934CA /* SettingsView.swift */ = {isa = PBXFileReference; lastKnownFileType = sourcecode.swift; path = SettingsView.swift; sourceTree = "<group>"; };
		88AE8F5B25484248001934CA /* PreferencesView.swift */ = {isa = PBXFileReference; lastKnownFileType = sourcecode.swift; path = PreferencesView.swift; sourceTree = "<group>"; };
		88B3806E24DD865E000C048A /* UITest.swift */ = {isa = PBXFileReference; lastKnownFileType = sourcecode.swift; path = UITest.swift; sourceTree = "<group>"; };
		88B3807024DE4022000C048A /* ProgressTest.swift */ = {isa = PBXFileReference; lastKnownFileType = sourcecode.swift; path = ProgressTest.swift; sourceTree = "<group>"; };
		88B3F216254FF264003A4DF1 /* README.md */ = {isa = PBXFileReference; lastKnownFileType = net.daringfireball.markdown; path = README.md; sourceTree = "<group>"; };
		88B3F217255046A7003A4DF1 /* TestAlertView.swift */ = {isa = PBXFileReference; lastKnownFileType = sourcecode.swift; path = TestAlertView.swift; sourceTree = "<group>"; };
		88B5C2F224EF751E00AC2195 /* Theme.swift */ = {isa = PBXFileReference; lastKnownFileType = sourcecode.swift; path = Theme.swift; sourceTree = "<group>"; };
		88B5C2F424F0B37E00AC2195 /* Helper.swift */ = {isa = PBXFileReference; lastKnownFileType = sourcecode.swift; path = Helper.swift; sourceTree = "<group>"; };
		88B5C2F624F101A500AC2195 /* UserData.swift */ = {isa = PBXFileReference; lastKnownFileType = sourcecode.swift; path = UserData.swift; sourceTree = "<group>"; };
		88B5C2F824F1020900AC2195 /* Preference.swift */ = {isa = PBXFileReference; lastKnownFileType = sourcecode.swift; path = Preference.swift; sourceTree = "<group>"; };
		88B5C2FA24F1404A00AC2195 /* UserDefaultTest.swift */ = {isa = PBXFileReference; lastKnownFileType = sourcecode.swift; path = UserDefaultTest.swift; sourceTree = "<group>"; };
		88B5C2FD24F49F6600AC2195 /* StickyNoteView.swift */ = {isa = PBXFileReference; lastKnownFileType = sourcecode.swift; path = StickyNoteView.swift; sourceTree = "<group>"; };
		88B5C2FF24F534BA00AC2195 /* StickyNoteController.swift */ = {isa = PBXFileReference; lastKnownFileType = sourcecode.swift; path = StickyNoteController.swift; sourceTree = "<group>"; };
		88B5C30124F7EC0A00AC2195 /* StickyNoteWindow.swift */ = {isa = PBXFileReference; lastKnownFileType = sourcecode.swift; path = StickyNoteWindow.swift; sourceTree = "<group>"; };
		88BECD9E254EB51600CD4488 /* TestDatePicker.swift */ = {isa = PBXFileReference; lastKnownFileType = sourcecode.swift; path = TestDatePicker.swift; sourceTree = "<group>"; };
		88EFE81E24FB453200554133 /* ColorView.swift */ = {isa = PBXFileReference; lastKnownFileType = sourcecode.swift; path = ColorView.swift; sourceTree = "<group>"; };
		88F5EDCC24CE6C2500212DCC /* Countdown.app */ = {isa = PBXFileReference; explicitFileType = wrapper.application; includeInIndex = 0; path = Countdown.app; sourceTree = BUILT_PRODUCTS_DIR; };
		88F5EDCF24CE6C2500212DCC /* AppDelegate.swift */ = {isa = PBXFileReference; lastKnownFileType = sourcecode.swift; path = AppDelegate.swift; sourceTree = "<group>"; };
		88F5EDD124CE6C2500212DCC /* ContentView.swift */ = {isa = PBXFileReference; lastKnownFileType = sourcecode.swift; path = ContentView.swift; sourceTree = "<group>"; };
		88F5EDD324CE6C2800212DCC /* Assets.xcassets */ = {isa = PBXFileReference; lastKnownFileType = folder.assetcatalog; path = Assets.xcassets; sourceTree = "<group>"; };
		88F5EDD624CE6C2800212DCC /* Preview Assets.xcassets */ = {isa = PBXFileReference; lastKnownFileType = folder.assetcatalog; path = "Preview Assets.xcassets"; sourceTree = "<group>"; };
		88F5EDD924CE6C2800212DCC /* Base */ = {isa = PBXFileReference; lastKnownFileType = file.storyboard; name = Base; path = Base.lproj/Main.storyboard; sourceTree = "<group>"; };
		88F5EDDB24CE6C2800212DCC /* Info.plist */ = {isa = PBXFileReference; lastKnownFileType = text.plist.xml; path = Info.plist; sourceTree = "<group>"; };
		88F5EDDC24CE6C2800212DCC /* Countdown.entitlements */ = {isa = PBXFileReference; lastKnownFileType = text.plist.entitlements; path = Countdown.entitlements; sourceTree = "<group>"; };
		88F5EDE424CEABFF00212DCC /* StatusBarController.swift */ = {isa = PBXFileReference; lastKnownFileType = sourcecode.swift; path = StatusBarController.swift; sourceTree = "<group>"; };
		88F5EDE624CEB0C300212DCC /* PopRootView.swift */ = {isa = PBXFileReference; lastKnownFileType = sourcecode.swift; path = PopRootView.swift; sourceTree = "<group>"; };
		88F5EDE924CEB9D700212DCC /* EventMonitor.swift */ = {isa = PBXFileReference; lastKnownFileType = sourcecode.swift; path = EventMonitor.swift; sourceTree = "<group>"; };
		88F5EDF024CEC3D700212DCC /* XCGLogger.framework */ = {isa = PBXFileReference; lastKnownFileType = wrapper.framework; name = XCGLogger.framework; path = Carthage/Build/Mac/XCGLogger.framework; sourceTree = "<group>"; };
		88F5EDF724CEEDDA00212DCC /* Extension.swift */ = {isa = PBXFileReference; lastKnownFileType = sourcecode.swift; path = Extension.swift; sourceTree = "<group>"; };
		88F5EDFA24CF2A7200212DCC /* SQLite.framework */ = {isa = PBXFileReference; lastKnownFileType = wrapper.framework; name = SQLite.framework; path = Carthage/Build/Mac/SQLite.framework; sourceTree = "<group>"; };
		88F5EE0024CFB8EE00212DCC /* CountdownEvent.swift */ = {isa = PBXFileReference; lastKnownFileType = sourcecode.swift; path = CountdownEvent.swift; sourceTree = "<group>"; };
		88F5EE0224D163A100212DCC /* TestView.swift */ = {isa = PBXFileReference; lastKnownFileType = sourcecode.swift; path = TestView.swift; sourceTree = "<group>"; };
		88F5EE0C24D2AA7700212DCC /* PopEventList.swift */ = {isa = PBXFileReference; lastKnownFileType = sourcecode.swift; path = PopEventList.swift; sourceTree = "<group>"; };
		88F5EE1024D2EB1000212DCC /* Initializer.swift */ = {isa = PBXFileReference; lastKnownFileType = sourcecode.swift; path = Initializer.swift; sourceTree = "<group>"; };
		88F5EE1224D2EBBD00212DCC /* Global.swift */ = {isa = PBXFileReference; lastKnownFileType = sourcecode.swift; path = Global.swift; sourceTree = "<group>"; };
		88FDB3E925372A3700E59256 /* ExtensionSQLite.swift */ = {isa = PBXFileReference; lastKnownFileType = sourcecode.swift; path = ExtensionSQLite.swift; sourceTree = "<group>"; };
		88FDB3EB2539BF3D00E59256 /* ExtensionSwiftUI.swift */ = {isa = PBXFileReference; lastKnownFileType = sourcecode.swift; path = ExtensionSwiftUI.swift; sourceTree = "<group>"; };
/* End PBXFileReference section */

/* Begin PBXFrameworksBuildPhase section */
		886D1B7E25401DC400326C5A /* Frameworks */ = {
			isa = PBXFrameworksBuildPhase;
			buildActionMask = 2147483647;
			files = (
			);
			runOnlyForDeploymentPostprocessing = 0;
		};
		88F5EDC924CE6C2500212DCC /* Frameworks */ = {
			isa = PBXFrameworksBuildPhase;
			buildActionMask = 2147483647;
			files = (
				889AAF2E253AEC39005D9470 /* DynamicColorMacOS.framework in Frameworks */,
				88F5EDFB24CF2A7200212DCC /* SQLite.framework in Frameworks */,
				88F5EDF124CEC3D700212DCC /* XCGLogger.framework in Frameworks */,
			);
			runOnlyForDeploymentPostprocessing = 0;
		};
/* End PBXFrameworksBuildPhase section */

/* Begin PBXGroup section */
		882DB452252758FA007E046A /* ThirdParty */ = {
			isa = PBXGroup;
			children = (
				8813C98324E2D05900EEF207 /* DateHelper.swift */,
				882DB45025271732007E046A /* HoverAwareView.swift */,
			);
			path = ThirdParty;
			sourceTree = "<group>";
		};
		8858AB4424D591E100D729CA /* TestView */ = {
			isa = PBXGroup;
			children = (
				88F5EE0224D163A100212DCC /* TestView.swift */,
				8858AB4524D5920400D729CA /* TimerView.swift */,
				8858AB4724D6D8EA00D729CA /* TestNewWindow.swift */,
				8858ABBA24DD252B00D729CA /* SystemUIGuide.swift */,
				88B3806E24DD865E000C048A /* UITest.swift */,
				88B3807024DE4022000C048A /* ProgressTest.swift */,
				8813C97724DE534600EEF207 /* AnimationTest.swift */,
				8813C98124E182F500EEF207 /* DecimalTextField.swift */,
				8813C98524E2F75300EEF207 /* ViewReconstruct.swift */,
				8813C98724E3D5C900EEF207 /* DragTest.swift */,
				88B5C2FA24F1404A00AC2195 /* UserDefaultTest.swift */,
				88EFE81E24FB453200554133 /* ColorView.swift */,
				882DB44E25270D75007E046A /* OnHoverLeak.swift */,
				885BEE9F2528325800B3D61E /* TestNotification.swift */,
				885BEEA12528563100B3D61E /* ShakeView.swift */,
				885BEEA52529E47600B3D61E /* TestTapAndMove.swift */,
				886D0513252D68FF00179E7F /* TestNSView.swift */,
				885BEEC8252A0F8600B3D61E /* MouseUpDown.swift */,
				885BEEC62529F16A00B3D61E /* ComposeGesture.swift */,
				885BEECA252A19C700B3D61E /* MagnificationGestureView.swift */,
				889732A5254077A10064D200 /* TestSettingsView.swift */,
				88AE8F532547F9C2001934CA /* TestPicker.swift */,
				886F659B254296EE00E3A354 /* TestTabView.swift */,
				886F659D254297A700E3A354 /* TestCustomedTabView.swift */,
				888B298525446B71003C48CD /* TestPreference.swift */,
				888B298725447B98003C48CD /* TestAnimatorResize.swift */,
				88BECD9E254EB51600CD4488 /* TestDatePicker.swift */,
				88B3F217255046A7003A4DF1 /* TestAlertView.swift */,
			);
			path = TestView;
			sourceTree = "<group>";
		};
		886D1B8225401DC500326C5A /* LaunchHelper */ = {
			isa = PBXGroup;
			children = (
				886D1B8325401DC500326C5A /* AppDelegate.swift */,
				886D1B8725401DCA00326C5A /* Assets.xcassets */,
				886D1B8C25401DCA00326C5A /* Main.storyboard */,
				886D1B8F25401DCA00326C5A /* Info.plist */,
				886D1B9025401DCA00326C5A /* LaunchHelper.entitlements */,
				886D1B8925401DCA00326C5A /* Preview Content */,
			);
			path = LaunchHelper;
			sourceTree = "<group>";
		};
		886D1B8925401DCA00326C5A /* Preview Content */ = {
			isa = PBXGroup;
			children = (
				886D1B8A25401DCA00326C5A /* Preview Assets.xcassets */,
			);
			path = "Preview Content";
			sourceTree = "<group>";
		};
		88AE8F522547BDAF001934CA /* PreferencesView */ = {
			isa = PBXGroup;
			children = (
				88AE8F5725484010001934CA /* AboutView.swift */,
				88AE8F5925484045001934CA /* SettingsView.swift */,
				88AE8F5B25484248001934CA /* PreferencesView.swift */,
			);
			path = PreferencesView;
			sourceTree = "<group>";
		};
		88B3807224DE507F000C048A /* PopoverVIew */ = {
			isa = PBXGroup;
			children = (
				88F5EDE624CEB0C300212DCC /* PopRootView.swift */,
				88F5EE0C24D2AA7700212DCC /* PopEventList.swift */,
				8819A36D252EE4F30019FB7C /* EventList.swift */,
				8867F35224D320FF007DE930 /* EventRow.swift */,
				886A9842254C06F500C25A7A /* EventRowStatic.swift */,
				885BEEA32529C42B00B3D61E /* PopEventEdit.swift */,
			);
			path = PopoverVIew;
			sourceTree = "<group>";
		};
		88B5C2FC24F49F3900AC2195 /* StickyView */ = {
			isa = PBXGroup;
			children = (
				88B5C2FD24F49F6600AC2195 /* StickyNoteView.swift */,
				88B5C30124F7EC0A00AC2195 /* StickyNoteWindow.swift */,
			);
			path = StickyView;
			sourceTree = "<group>";
		};
		88F1BE3F24D40D45004847D7 /* ProgressView */ = {
			isa = PBXGroup;
			children = (
				8858AB3C24D5497A00D729CA /* ArcProgress.swift */,
				8858AB3D24D5497A00D729CA /* CircularProgress.swift */,
				8858AB3F24D5497A00D729CA /* FilledCircleProgress.swift */,
				8858AB3E24D5497A00D729CA /* LinearProgress.swift */,
			);
			path = ProgressView;
			sourceTree = "<group>";
		};
		88F5EDC324CE6C2500212DCC = {
			isa = PBXGroup;
			children = (
				88B3F216254FF264003A4DF1 /* README.md */,
				88F5EDCE24CE6C2500212DCC /* Countdown */,
				886D1B8225401DC500326C5A /* LaunchHelper */,
				88F5EDCD24CE6C2500212DCC /* Products */,
				88F5EDEF24CEC3D700212DCC /* Frameworks */,
			);
			sourceTree = "<group>";
		};
		88F5EDCD24CE6C2500212DCC /* Products */ = {
			isa = PBXGroup;
			children = (
				88F5EDCC24CE6C2500212DCC /* Countdown.app */,
				886D1B8125401DC400326C5A /* LaunchHelper.app */,
			);
			name = Products;
			sourceTree = "<group>";
		};
		88F5EDCE24CE6C2500212DCC /* Countdown */ = {
			isa = PBXGroup;
			children = (
				88F5EDFF24CFB8CC00212DCC /* Model */,
				88F5EDE824CEB9CA00212DCC /* Helper */,
				88F5EDE324CEABE900212DCC /* Controller */,
				88F5EDE224CEAB0900212DCC /* View */,
				88F5EDCF24CE6C2500212DCC /* AppDelegate.swift */,
				88F5EDD324CE6C2800212DCC /* Assets.xcassets */,
				88F5EDD824CE6C2800212DCC /* Main.storyboard */,
				88F5EDDB24CE6C2800212DCC /* Info.plist */,
				88F5EDDC24CE6C2800212DCC /* Countdown.entitlements */,
				88F5EDD524CE6C2800212DCC /* Preview Content */,
				889DC3B82553C452008218AF /* Localizable.strings */,
			);
			path = Countdown;
			sourceTree = "<group>";
		};
		88F5EDD524CE6C2800212DCC /* Preview Content */ = {
			isa = PBXGroup;
			children = (
				88F5EDD624CE6C2800212DCC /* Preview Assets.xcassets */,
			);
			path = "Preview Content";
			sourceTree = "<group>";
		};
		88F5EDE224CEAB0900212DCC /* View */ = {
			isa = PBXGroup;
			children = (
				88AE8F522547BDAF001934CA /* PreferencesView */,
				88B5C2FC24F49F3900AC2195 /* StickyView */,
				88B3807224DE507F000C048A /* PopoverVIew */,
				88F1BE3F24D40D45004847D7 /* ProgressView */,
				8858AB4424D591E100D729CA /* TestView */,
				88F5EDD124CE6C2500212DCC /* ContentView.swift */,
			);
			path = View;
			sourceTree = "<group>";
		};
		88F5EDE324CEABE900212DCC /* Controller */ = {
			isa = PBXGroup;
			children = (
				88F5EDE424CEABFF00212DCC /* StatusBarController.swift */,
				88B5C2FF24F534BA00AC2195 /* StickyNoteController.swift */,
				88AE8F5525483F11001934CA /* PreferencesWindowController.swift */,
				8813C97B24DFAB0000EEF207 /* PopRootViewController.swift */,
				886A9840254AF41100C25A7A /* EventListNSTableController.swift */,
			);
			path = Controller;
			sourceTree = "<group>";
		};
		88F5EDE824CEB9CA00212DCC /* Helper */ = {
			isa = PBXGroup;
			children = (
				882DB452252758FA007E046A /* ThirdParty */,
				88F5EE1224D2EBBD00212DCC /* Global.swift */,
				88F5EE1024D2EB1000212DCC /* Initializer.swift */,
				88F5EDF724CEEDDA00212DCC /* Extension.swift */,
				88FDB3EB2539BF3D00E59256 /* ExtensionSwiftUI.swift */,
				88FDB3E925372A3700E59256 /* ExtensionSQLite.swift */,
				88F5EDE924CEB9D700212DCC /* EventMonitor.swift */,
				88B5C2F424F0B37E00AC2195 /* Helper.swift */,
				882DB44C2524CFE1007E046A /* DeallocPrinter.swift */,
				88B5C2F224EF751E00AC2195 /* Theme.swift */,
				886A9863254D316F00C25A7A /* AppTimer.swift */,
			);
			path = Helper;
			sourceTree = "<group>";
		};
		88F5EDEF24CEC3D700212DCC /* Frameworks */ = {
			isa = PBXGroup;
			children = (
				889AAF2D253AEC39005D9470 /* DynamicColorMacOS.framework */,
				88F5EDFA24CF2A7200212DCC /* SQLite.framework */,
				88F5EDF024CEC3D700212DCC /* XCGLogger.framework */,
			);
			name = Frameworks;
			sourceTree = "<group>";
		};
		88F5EDFF24CFB8CC00212DCC /* Model */ = {
			isa = PBXGroup;
			children = (
				88F5EE0024CFB8EE00212DCC /* CountdownEvent.swift */,
				88B5C2F824F1020900AC2195 /* Preference.swift */,
				88B5C2F624F101A500AC2195 /* UserData.swift */,
			);
			path = Model;
			sourceTree = "<group>";
		};
/* End PBXGroup section */

/* Begin PBXNativeTarget section */
		886D1B8025401DC400326C5A /* LaunchHelper */ = {
			isa = PBXNativeTarget;
			buildConfigurationList = 886D1B9125401DCA00326C5A /* Build configuration list for PBXNativeTarget "LaunchHelper" */;
			buildPhases = (
				886D1B7D25401DC400326C5A /* Sources */,
				886D1B7E25401DC400326C5A /* Frameworks */,
				886D1B7F25401DC400326C5A /* Resources */,
			);
			buildRules = (
			);
			dependencies = (
			);
			name = LaunchHelper;
			productName = LaunchHelper;
			productReference = 886D1B8125401DC400326C5A /* LaunchHelper.app */;
			productType = "com.apple.product-type.application";
		};
		88F5EDCB24CE6C2500212DCC /* Countdown */ = {
			isa = PBXNativeTarget;
			buildConfigurationList = 88F5EDDF24CE6C2800212DCC /* Build configuration list for PBXNativeTarget "Countdown" */;
			buildPhases = (
				88F5EDC824CE6C2500212DCC /* Sources */,
				88F5EDC924CE6C2500212DCC /* Frameworks */,
				88F5EDCA24CE6C2500212DCC /* Resources */,
				88F5EDF324CEC3D700212DCC /* Embed Frameworks */,
				88F5EDF424CEC3DD00212DCC /* Run Script */,
				886D1B94254025CD00326C5A /* CopyFiles */,
			);
			buildRules = (
			);
			dependencies = (
			);
			name = Countdown;
			productName = Countdown;
			productReference = 88F5EDCC24CE6C2500212DCC /* Countdown.app */;
			productType = "com.apple.product-type.application";
		};
/* End PBXNativeTarget section */

/* Begin PBXProject section */
		88F5EDC424CE6C2500212DCC /* Project object */ = {
			isa = PBXProject;
			attributes = {
				LastSwiftUpdateCheck = 1170;
				LastUpgradeCheck = 1170;
				ORGANIZATIONNAME = funwaywang;
				TargetAttributes = {
					886D1B8025401DC400326C5A = {
						CreatedOnToolsVersion = 11.7;
					};
					88F5EDCB24CE6C2500212DCC = {
						CreatedOnToolsVersion = 11.6;
					};
				};
			};
			buildConfigurationList = 88F5EDC724CE6C2500212DCC /* Build configuration list for PBXProject "Countdown" */;
			compatibilityVersion = "Xcode 9.3";
			developmentRegion = en;
			hasScannedForEncodings = 0;
			knownRegions = (
				en,
				Base,
				"zh-Hans",
			);
			mainGroup = 88F5EDC324CE6C2500212DCC;
			productRefGroup = 88F5EDCD24CE6C2500212DCC /* Products */;
			projectDirPath = "";
			projectRoot = "";
			targets = (
				88F5EDCB24CE6C2500212DCC /* Countdown */,
				886D1B8025401DC400326C5A /* LaunchHelper */,
			);
		};
/* End PBXProject section */

/* Begin PBXResourcesBuildPhase section */
		886D1B7F25401DC400326C5A /* Resources */ = {
			isa = PBXResourcesBuildPhase;
			buildActionMask = 2147483647;
			files = (
				886D1B8E25401DCA00326C5A /* Main.storyboard in Resources */,
				886D1B8B25401DCA00326C5A /* Preview Assets.xcassets in Resources */,
				886D1B8825401DCA00326C5A /* Assets.xcassets in Resources */,
			);
			runOnlyForDeploymentPostprocessing = 0;
		};
		88F5EDCA24CE6C2500212DCC /* Resources */ = {
			isa = PBXResourcesBuildPhase;
			buildActionMask = 2147483647;
			files = (
				88F5EDDA24CE6C2800212DCC /* Main.storyboard in Resources */,
				889DC3B62553C452008218AF /* Localizable.strings in Resources */,
				88F5EDD724CE6C2800212DCC /* Preview Assets.xcassets in Resources */,
				88F5EDD424CE6C2800212DCC /* Assets.xcassets in Resources */,
			);
			runOnlyForDeploymentPostprocessing = 0;
		};
/* End PBXResourcesBuildPhase section */

/* Begin PBXShellScriptBuildPhase section */
		88F5EDF424CEC3DD00212DCC /* Run Script */ = {
			isa = PBXShellScriptBuildPhase;
			buildActionMask = 2147483647;
			files = (
			);
			inputFileListPaths = (
			);
			inputPaths = (
				"$(SRCROOT)/Carthage/Build/Mac/XCGLogger.framework",
				"$(SRCROOT)/Carthage/Build/Mac/ObjcExceptionBridging.framework",
				"$(SRCROOT)/Carthage/Build/Mac/SQLite.framework",
				"$(SRCROOT)/Carthage/Build/Mac/DynamicColorMacOS.framework",
			);
			name = "Run Script";
			outputFileListPaths = (
			);
			outputPaths = (
			);
			runOnlyForDeploymentPostprocessing = 0;
			shellPath = /bin/sh;
			shellScript = "# Type a script or drag a script file from your workspace to insert its path.\n/usr/local/bin/carthage copy-frameworks\n";
		};
/* End PBXShellScriptBuildPhase section */

/* Begin PBXSourcesBuildPhase section */
		886D1B7D25401DC400326C5A /* Sources */ = {
			isa = PBXSourcesBuildPhase;
			buildActionMask = 2147483647;
			files = (
				886D1B8425401DC500326C5A /* AppDelegate.swift in Sources */,
			);
			runOnlyForDeploymentPostprocessing = 0;
		};
		88F5EDC824CE6C2500212DCC /* Sources */ = {
			isa = PBXSourcesBuildPhase;
			buildActionMask = 2147483647;
			files = (
				88B5C2F924F1020900AC2195 /* Preference.swift in Sources */,
				88F5EDE724CEB0C300212DCC /* PopRootView.swift in Sources */,
				888B298825447B98003C48CD /* TestAnimatorResize.swift in Sources */,
				88F5EE0324D163A100212DCC /* TestView.swift in Sources */,
				886D0514252D68FF00179E7F /* TestNSView.swift in Sources */,
				88EFE81F24FB453200554133 /* ColorView.swift in Sources */,
				88AE8F5625483F11001934CA /* PreferencesWindowController.swift in Sources */,
				8858AB4324D5497A00D729CA /* FilledCircleProgress.swift in Sources */,
				886A9864254D316F00C25A7A /* AppTimer.swift in Sources */,
				88F5EE0D24D2AA7700212DCC /* PopEventList.swift in Sources */,
				882DB44D2524CFE1007E046A /* DeallocPrinter.swift in Sources */,
				8858AB4824D6D8EA00D729CA /* TestNewWindow.swift in Sources */,
				8858AB4224D5497A00D729CA /* LinearProgress.swift in Sources */,
				88F5EDEA24CEB9D700212DCC /* EventMonitor.swift in Sources */,
				8813C98824E3D5C900EEF207 /* DragTest.swift in Sources */,
				88F5EDD224CE6C2500212DCC /* ContentView.swift in Sources */,
				886A9843254C06F500C25A7A /* EventRowStatic.swift in Sources */,
				88F5EE1324D2EBBD00212DCC /* Global.swift in Sources */,
				88B5C2F524F0B37E00AC2195 /* Helper.swift in Sources */,
				8813C97C24DFAB0000EEF207 /* PopRootViewController.swift in Sources */,
				88AE8F542547F9C2001934CA /* TestPicker.swift in Sources */,
				8858AB4024D5497A00D729CA /* ArcProgress.swift in Sources */,
				8858ABBB24DD252B00D729CA /* SystemUIGuide.swift in Sources */,
				885BEEC9252A0F8600B3D61E /* MouseUpDown.swift in Sources */,
				8819A36E252EE4F30019FB7C /* EventList.swift in Sources */,
				88B5C30224F7EC0A00AC2195 /* StickyNoteWindow.swift in Sources */,
				8858AB4624D5920400D729CA /* TimerView.swift in Sources */,
				88AE8F5C25484248001934CA /* PreferencesView.swift in Sources */,
				8813C98424E2D05900EEF207 /* DateHelper.swift in Sources */,
				8867F35324D320FF007DE930 /* EventRow.swift in Sources */,
				888B298625446B71003C48CD /* TestPreference.swift in Sources */,
				88F5EDE524CEABFF00212DCC /* StatusBarController.swift in Sources */,
				88B5C2FE24F49F6600AC2195 /* StickyNoteView.swift in Sources */,
				8813C98624E2F75300EEF207 /* ViewReconstruct.swift in Sources */,
				885BEEA42529C42B00B3D61E /* PopEventEdit.swift in Sources */,
				886A9841254AF41100C25A7A /* EventListNSTableController.swift in Sources */,
				88AE8F5825484010001934CA /* AboutView.swift in Sources */,
				885BEECB252A19C700B3D61E /* MagnificationGestureView.swift in Sources */,
				8813C97824DE534600EEF207 /* AnimationTest.swift in Sources */,
				882DB45125271732007E046A /* HoverAwareView.swift in Sources */,
				88F5EE0124CFB8EE00212DCC /* CountdownEvent.swift in Sources */,
				8813C98224E182F500EEF207 /* DecimalTextField.swift in Sources */,
				885BEEC72529F16A00B3D61E /* ComposeGesture.swift in Sources */,
				88BECD9F254EB51600CD4488 /* TestDatePicker.swift in Sources */,
				886F659E254297A700E3A354 /* TestCustomedTabView.swift in Sources */,
				886F659C254296EE00E3A354 /* TestTabView.swift in Sources */,
				885BEEA22528563100B3D61E /* ShakeView.swift in Sources */,
				88AE8F5A25484045001934CA /* SettingsView.swift in Sources */,
				88B3F218255046A7003A4DF1 /* TestAlertView.swift in Sources */,
				88B5C30024F534BA00AC2195 /* StickyNoteController.swift in Sources */,
				88B5C2FB24F1404A00AC2195 /* UserDefaultTest.swift in Sources */,
				889732A6254077A10064D200 /* TestSettingsView.swift in Sources */,
				88F5EDD024CE6C2500212DCC /* AppDelegate.swift in Sources */,
				88B3807124DE4022000C048A /* ProgressTest.swift in Sources */,
				88B5C2F324EF751E00AC2195 /* Theme.swift in Sources */,
				882DB44F25270D75007E046A /* OnHoverLeak.swift in Sources */,
				88FDB3EA25372A3700E59256 /* ExtensionSQLite.swift in Sources */,
				885BEEA62529E47600B3D61E /* TestTapAndMove.swift in Sources */,
				8858AB4124D5497A00D729CA /* CircularProgress.swift in Sources */,
				88B5C2F724F101A500AC2195 /* UserData.swift in Sources */,
				88F5EDF824CEEDDA00212DCC /* Extension.swift in Sources */,
				88F5EE1124D2EB1000212DCC /* Initializer.swift in Sources */,
				885BEEA02528325800B3D61E /* TestNotification.swift in Sources */,
				88B3806F24DD865E000C048A /* UITest.swift in Sources */,
				88FDB3EC2539BF3D00E59256 /* ExtensionSwiftUI.swift in Sources */,
			);
			runOnlyForDeploymentPostprocessing = 0;
		};
/* End PBXSourcesBuildPhase section */

/* Begin PBXVariantGroup section */
		886D1B8C25401DCA00326C5A /* Main.storyboard */ = {
			isa = PBXVariantGroup;
			children = (
				886D1B8D25401DCA00326C5A /* Base */,
			);
			name = Main.storyboard;
			sourceTree = "<group>";
		};
		889DC3B82553C452008218AF /* Localizable.strings */ = {
			isa = PBXVariantGroup;
			children = (
				889DC3B72553C452008218AF /* en */,
				889DC3B92553C535008218AF /* zh-Hans */,
			);
			name = Localizable.strings;
			sourceTree = "<group>";
		};
		88F5EDD824CE6C2800212DCC /* Main.storyboard */ = {
			isa = PBXVariantGroup;
			children = (
				88F5EDD924CE6C2800212DCC /* Base */,
			);
			name = Main.storyboard;
			sourceTree = "<group>";
		};
/* End PBXVariantGroup section */

/* Begin XCBuildConfiguration section */
		886D1B9225401DCA00326C5A /* Debug */ = {
			isa = XCBuildConfiguration;
			buildSettings = {
				ASSETCATALOG_COMPILER_APPICON_NAME = AppIcon;
				CODE_SIGN_ENTITLEMENTS = LaunchHelper/LaunchHelper.entitlements;
				CODE_SIGN_STYLE = Automatic;
				COMBINE_HIDPI_IMAGES = YES;
				DEVELOPMENT_ASSET_PATHS = "\"LaunchHelper/Preview Content\"";
				DEVELOPMENT_TEAM = 78KUS8C9YH;
				ENABLE_HARDENED_RUNTIME = YES;
				ENABLE_PREVIEWS = YES;
				INFOPLIST_FILE = LaunchHelper/Info.plist;
				LD_RUNPATH_SEARCH_PATHS = (
					"$(inherited)",
					"@executable_path/../Frameworks",
				);
				MACOSX_DEPLOYMENT_TARGET = 10.15;
				PRODUCT_BUNDLE_IDENTIFIER = me.hawu.Countdown.LaunchHelper;
				PRODUCT_NAME = "$(TARGET_NAME)";
				SKIP_INSTALL = YES;
				SWIFT_VERSION = 5.0;
			};
			name = Debug;
		};
		886D1B9325401DCA00326C5A /* Release */ = {
			isa = XCBuildConfiguration;
			buildSettings = {
				ASSETCATALOG_COMPILER_APPICON_NAME = AppIcon;
				CODE_SIGN_ENTITLEMENTS = LaunchHelper/LaunchHelper.entitlements;
				CODE_SIGN_STYLE = Automatic;
				COMBINE_HIDPI_IMAGES = YES;
				DEVELOPMENT_ASSET_PATHS = "\"LaunchHelper/Preview Content\"";
				DEVELOPMENT_TEAM = 78KUS8C9YH;
				ENABLE_HARDENED_RUNTIME = YES;
				ENABLE_PREVIEWS = YES;
				INFOPLIST_FILE = LaunchHelper/Info.plist;
				LD_RUNPATH_SEARCH_PATHS = (
					"$(inherited)",
					"@executable_path/../Frameworks",
				);
				MACOSX_DEPLOYMENT_TARGET = 10.15;
				PRODUCT_BUNDLE_IDENTIFIER = me.hawu.Countdown.LaunchHelper;
				PRODUCT_NAME = "$(TARGET_NAME)";
				SKIP_INSTALL = YES;
				SWIFT_VERSION = 5.0;
			};
			name = Release;
		};
		88F5EDDD24CE6C2800212DCC /* Debug */ = {
			isa = XCBuildConfiguration;
			buildSettings = {
				ALWAYS_SEARCH_USER_PATHS = NO;
				CLANG_ANALYZER_LOCALIZABILITY_NONLOCALIZED = YES;
				CLANG_ANALYZER_NONNULL = YES;
				CLANG_ANALYZER_NUMBER_OBJECT_CONVERSION = YES_AGGRESSIVE;
				CLANG_CXX_LANGUAGE_STANDARD = "gnu++14";
				CLANG_CXX_LIBRARY = "libc++";
				CLANG_ENABLE_MODULES = YES;
				CLANG_ENABLE_OBJC_ARC = YES;
				CLANG_ENABLE_OBJC_WEAK = YES;
				CLANG_WARN_BLOCK_CAPTURE_AUTORELEASING = YES;
				CLANG_WARN_BOOL_CONVERSION = YES;
				CLANG_WARN_COMMA = YES;
				CLANG_WARN_CONSTANT_CONVERSION = YES;
				CLANG_WARN_DEPRECATED_OBJC_IMPLEMENTATIONS = YES;
				CLANG_WARN_DIRECT_OBJC_ISA_USAGE = YES_ERROR;
				CLANG_WARN_DOCUMENTATION_COMMENTS = YES;
				CLANG_WARN_EMPTY_BODY = YES;
				CLANG_WARN_ENUM_CONVERSION = YES;
				CLANG_WARN_INFINITE_RECURSION = YES;
				CLANG_WARN_INT_CONVERSION = YES;
				CLANG_WARN_NON_LITERAL_NULL_CONVERSION = YES;
				CLANG_WARN_OBJC_IMPLICIT_RETAIN_SELF = YES;
				CLANG_WARN_OBJC_LITERAL_CONVERSION = YES;
				CLANG_WARN_OBJC_ROOT_CLASS = YES_ERROR;
				CLANG_WARN_RANGE_LOOP_ANALYSIS = YES;
				CLANG_WARN_STRICT_PROTOTYPES = YES;
				CLANG_WARN_SUSPICIOUS_MOVE = YES;
				CLANG_WARN_UNGUARDED_AVAILABILITY = YES_AGGRESSIVE;
				CLANG_WARN_UNREACHABLE_CODE = YES;
				CLANG_WARN__DUPLICATE_METHOD_MATCH = YES;
				COPY_PHASE_STRIP = NO;
				DEBUG_INFORMATION_FORMAT = dwarf;
				ENABLE_STRICT_OBJC_MSGSEND = YES;
				ENABLE_TESTABILITY = YES;
				GCC_C_LANGUAGE_STANDARD = gnu11;
				GCC_DYNAMIC_NO_PIC = NO;
				GCC_NO_COMMON_BLOCKS = YES;
				GCC_OPTIMIZATION_LEVEL = 0;
				GCC_PREPROCESSOR_DEFINITIONS = (
					"DEBUG=1",
					"$(inherited)",
				);
				GCC_WARN_64_TO_32_BIT_CONVERSION = YES;
				GCC_WARN_ABOUT_RETURN_TYPE = YES_ERROR;
				GCC_WARN_UNDECLARED_SELECTOR = YES;
				GCC_WARN_UNINITIALIZED_AUTOS = YES_AGGRESSIVE;
				GCC_WARN_UNUSED_FUNCTION = YES;
				GCC_WARN_UNUSED_VARIABLE = YES;
				MACOSX_DEPLOYMENT_TARGET = 10.15;
				MTL_ENABLE_DEBUG_INFO = INCLUDE_SOURCE;
				MTL_FAST_MATH = YES;
				ONLY_ACTIVE_ARCH = YES;
				SDKROOT = macosx;
				SWIFT_ACTIVE_COMPILATION_CONDITIONS = DEBUG;
				SWIFT_OPTIMIZATION_LEVEL = "-Onone";
			};
			name = Debug;
		};
		88F5EDDE24CE6C2800212DCC /* Release */ = {
			isa = XCBuildConfiguration;
			buildSettings = {
				ALWAYS_SEARCH_USER_PATHS = NO;
				CLANG_ANALYZER_LOCALIZABILITY_NONLOCALIZED = YES;
				CLANG_ANALYZER_NONNULL = YES;
				CLANG_ANALYZER_NUMBER_OBJECT_CONVERSION = YES_AGGRESSIVE;
				CLANG_CXX_LANGUAGE_STANDARD = "gnu++14";
				CLANG_CXX_LIBRARY = "libc++";
				CLANG_ENABLE_MODULES = YES;
				CLANG_ENABLE_OBJC_ARC = YES;
				CLANG_ENABLE_OBJC_WEAK = YES;
				CLANG_WARN_BLOCK_CAPTURE_AUTORELEASING = YES;
				CLANG_WARN_BOOL_CONVERSION = YES;
				CLANG_WARN_COMMA = YES;
				CLANG_WARN_CONSTANT_CONVERSION = YES;
				CLANG_WARN_DEPRECATED_OBJC_IMPLEMENTATIONS = YES;
				CLANG_WARN_DIRECT_OBJC_ISA_USAGE = YES_ERROR;
				CLANG_WARN_DOCUMENTATION_COMMENTS = YES;
				CLANG_WARN_EMPTY_BODY = YES;
				CLANG_WARN_ENUM_CONVERSION = YES;
				CLANG_WARN_INFINITE_RECURSION = YES;
				CLANG_WARN_INT_CONVERSION = YES;
				CLANG_WARN_NON_LITERAL_NULL_CONVERSION = YES;
				CLANG_WARN_OBJC_IMPLICIT_RETAIN_SELF = YES;
				CLANG_WARN_OBJC_LITERAL_CONVERSION = YES;
				CLANG_WARN_OBJC_ROOT_CLASS = YES_ERROR;
				CLANG_WARN_RANGE_LOOP_ANALYSIS = YES;
				CLANG_WARN_STRICT_PROTOTYPES = YES;
				CLANG_WARN_SUSPICIOUS_MOVE = YES;
				CLANG_WARN_UNGUARDED_AVAILABILITY = YES_AGGRESSIVE;
				CLANG_WARN_UNREACHABLE_CODE = YES;
				CLANG_WARN__DUPLICATE_METHOD_MATCH = YES;
				COPY_PHASE_STRIP = NO;
				DEBUG_INFORMATION_FORMAT = "dwarf-with-dsym";
				ENABLE_NS_ASSERTIONS = NO;
				ENABLE_STRICT_OBJC_MSGSEND = YES;
				GCC_C_LANGUAGE_STANDARD = gnu11;
				GCC_NO_COMMON_BLOCKS = YES;
				GCC_WARN_64_TO_32_BIT_CONVERSION = YES;
				GCC_WARN_ABOUT_RETURN_TYPE = YES_ERROR;
				GCC_WARN_UNDECLARED_SELECTOR = YES;
				GCC_WARN_UNINITIALIZED_AUTOS = YES_AGGRESSIVE;
				GCC_WARN_UNUSED_FUNCTION = YES;
				GCC_WARN_UNUSED_VARIABLE = YES;
				MACOSX_DEPLOYMENT_TARGET = 10.15;
				MTL_ENABLE_DEBUG_INFO = NO;
				MTL_FAST_MATH = YES;
				SDKROOT = macosx;
				SWIFT_COMPILATION_MODE = wholemodule;
				SWIFT_OPTIMIZATION_LEVEL = "-O";
			};
			name = Release;
		};
		88F5EDE024CE6C2800212DCC /* Debug */ = {
			isa = XCBuildConfiguration;
			buildSettings = {
				ASSETCATALOG_COMPILER_APPICON_NAME = AppIcon;
				CODE_SIGN_ENTITLEMENTS = Countdown/Countdown.entitlements;
				CODE_SIGN_IDENTITY = "Apple Development";
				CODE_SIGN_STYLE = Automatic;
				COMBINE_HIDPI_IMAGES = YES;
				DEVELOPMENT_ASSET_PATHS = "\"Countdown/Preview Content\"";
				DEVELOPMENT_TEAM = 78KUS8C9YH;
				ENABLE_HARDENED_RUNTIME = YES;
				ENABLE_PREVIEWS = YES;
				FRAMEWORK_SEARCH_PATHS = (
					"$(inherited)",
					"$(PROJECT_DIR)/Carthage/Build/Mac",
				);
				INFOPLIST_FILE = Countdown/Info.plist;
				LD_RUNPATH_SEARCH_PATHS = (
					"$(inherited)",
					"@executable_path/../Frameworks",
				);
				MACOSX_DEPLOYMENT_TARGET = 10.15;
				PRODUCT_BUNDLE_IDENTIFIER = me.hawu.Countdown;
				PRODUCT_NAME = "$(TARGET_NAME)";
				PROVISIONING_PROFILE_SPECIFIER = "";
				SWIFT_VERSION = 5.0;
			};
			name = Debug;
		};
		88F5EDE124CE6C2800212DCC /* Release */ = {
			isa = XCBuildConfiguration;
			buildSettings = {
				ASSETCATALOG_COMPILER_APPICON_NAME = AppIcon;
				CODE_SIGN_ENTITLEMENTS = Countdown/Countdown.entitlements;
				CODE_SIGN_IDENTITY = "Apple Development";
				CODE_SIGN_STYLE = Automatic;
				COMBINE_HIDPI_IMAGES = YES;
				DEVELOPMENT_ASSET_PATHS = "\"Countdown/Preview Content\"";
				DEVELOPMENT_TEAM = 78KUS8C9YH;
				ENABLE_HARDENED_RUNTIME = YES;
				ENABLE_PREVIEWS = YES;
				FRAMEWORK_SEARCH_PATHS = (
					"$(inherited)",
					"$(PROJECT_DIR)/Carthage/Build/Mac",
				);
				INFOPLIST_FILE = Countdown/Info.plist;
				LD_RUNPATH_SEARCH_PATHS = (
					"$(inherited)",
					"@executable_path/../Frameworks",
				);
				MACOSX_DEPLOYMENT_TARGET = 10.15;
				PRODUCT_BUNDLE_IDENTIFIER = me.hawu.Countdown;
				PRODUCT_NAME = "$(TARGET_NAME)";
				PROVISIONING_PROFILE_SPECIFIER = "";
				SWIFT_VERSION = 5.0;
			};
			name = Release;
		};
/* End XCBuildConfiguration section */

/* Begin XCConfigurationList section */
		886D1B9125401DCA00326C5A /* Build configuration list for PBXNativeTarget "LaunchHelper" */ = {
			isa = XCConfigurationList;
			buildConfigurations = (
				886D1B9225401DCA00326C5A /* Debug */,
				886D1B9325401DCA00326C5A /* Release */,
			);
			defaultConfigurationIsVisible = 0;
			defaultConfigurationName = Release;
		};
		88F5EDC724CE6C2500212DCC /* Build configuration list for PBXProject "Countdown" */ = {
			isa = XCConfigurationList;
			buildConfigurations = (
				88F5EDDD24CE6C2800212DCC /* Debug */,
				88F5EDDE24CE6C2800212DCC /* Release */,
			);
			defaultConfigurationIsVisible = 0;
			defaultConfigurationName = Release;
		};
		88F5EDDF24CE6C2800212DCC /* Build configuration list for PBXNativeTarget "Countdown" */ = {
			isa = XCConfigurationList;
			buildConfigurations = (
				88F5EDE024CE6C2800212DCC /* Debug */,
				88F5EDE124CE6C2800212DCC /* Release */,
			);
			defaultConfigurationIsVisible = 0;
			defaultConfigurationName = Release;
		};
/* End XCConfigurationList section */
	};
	rootObject = 88F5EDC424CE6C2500212DCC /* Project object */;
}
