// !$*UTF8*$!
{
	archiveVersion = 1;
	classes = {
	};
	objectVersion = 50;
	objects = {

/* Begin PBXBuildFile section */
		8858AB4024D5497A00D729CA /* ArcProgress.swift in Sources */ = {isa = PBXBuildFile; fileRef = 8858AB3C24D5497A00D729CA /* ArcProgress.swift */; };
		8858AB4124D5497A00D729CA /* CircularProgress.swift in Sources */ = {isa = PBXBuildFile; fileRef = 8858AB3D24D5497A00D729CA /* CircularProgress.swift */; };
		8858AB4224D5497A00D729CA /* LinearProgress.swift in Sources */ = {isa = PBXBuildFile; fileRef = 8858AB3E24D5497A00D729CA /* LinearProgress.swift */; };
		8858AB4324D5497A00D729CA /* FilledCircleProgress.swift in Sources */ = {isa = PBXBuildFile; fileRef = 8858AB3F24D5497A00D729CA /* FilledCircleProgress.swift */; };
		8867F35324D320FF007DE930 /* EventRow.swift in Sources */ = {isa = PBXBuildFile; fileRef = 8867F35224D320FF007DE930 /* EventRow.swift */; };
		88F5EDD024CE6C2500212DCC /* AppDelegate.swift in Sources */ = {isa = PBXBuildFile; fileRef = 88F5EDCF24CE6C2500212DCC /* AppDelegate.swift */; };
		88F5EDD224CE6C2500212DCC /* ContentView.swift in Sources */ = {isa = PBXBuildFile; fileRef = 88F5EDD124CE6C2500212DCC /* ContentView.swift */; };
		88F5EDD424CE6C2800212DCC /* Assets.xcassets in Resources */ = {isa = PBXBuildFile; fileRef = 88F5EDD324CE6C2800212DCC /* Assets.xcassets */; };
		88F5EDD724CE6C2800212DCC /* Preview Assets.xcassets in Resources */ = {isa = PBXBuildFile; fileRef = 88F5EDD624CE6C2800212DCC /* Preview Assets.xcassets */; };
		88F5EDDA24CE6C2800212DCC /* Main.storyboard in Resources */ = {isa = PBXBuildFile; fileRef = 88F5EDD824CE6C2800212DCC /* Main.storyboard */; };
		88F5EDE524CEABFF00212DCC /* StatusBarController.swift in Sources */ = {isa = PBXBuildFile; fileRef = 88F5EDE424CEABFF00212DCC /* StatusBarController.swift */; };
		88F5EDE724CEB0C300212DCC /* PopRootView.swift in Sources */ = {isa = PBXBuildFile; fileRef = 88F5EDE624CEB0C300212DCC /* PopRootView.swift */; };
		88F5EDEA24CEB9D700212DCC /* EventMonitor.swift in Sources */ = {isa = PBXBuildFile; fileRef = 88F5EDE924CEB9D700212DCC /* EventMonitor.swift */; };
		88F5EDEE24CEC29E00212DCC /* Test.swift in Sources */ = {isa = PBXBuildFile; fileRef = 88F5EDED24CEC29E00212DCC /* Test.swift */; };
		88F5EDF124CEC3D700212DCC /* XCGLogger.framework in Frameworks */ = {isa = PBXBuildFile; fileRef = 88F5EDF024CEC3D700212DCC /* XCGLogger.framework */; };
		88F5EDF224CEC3D700212DCC /* XCGLogger.framework in Embed Frameworks */ = {isa = PBXBuildFile; fileRef = 88F5EDF024CEC3D700212DCC /* XCGLogger.framework */; settings = {ATTRIBUTES = (CodeSignOnCopy, RemoveHeadersOnCopy, ); }; };
		88F5EDF824CEEDDA00212DCC /* Extension.swift in Sources */ = {isa = PBXBuildFile; fileRef = 88F5EDF724CEEDDA00212DCC /* Extension.swift */; };
		88F5EDFB24CF2A7200212DCC /* SQLite.framework in Frameworks */ = {isa = PBXBuildFile; fileRef = 88F5EDFA24CF2A7200212DCC /* SQLite.framework */; };
		88F5EDFC24CF2A7200212DCC /* SQLite.framework in Embed Frameworks */ = {isa = PBXBuildFile; fileRef = 88F5EDFA24CF2A7200212DCC /* SQLite.framework */; settings = {ATTRIBUTES = (CodeSignOnCopy, RemoveHeadersOnCopy, ); }; };
		88F5EE0124CFB8EE00212DCC /* CountdownEvent.swift in Sources */ = {isa = PBXBuildFile; fileRef = 88F5EE0024CFB8EE00212DCC /* CountdownEvent.swift */; };
		88F5EE0324D163A100212DCC /* TestView.swift in Sources */ = {isa = PBXBuildFile; fileRef = 88F5EE0224D163A100212DCC /* TestView.swift */; };
		88F5EE0B24D2AA6000212DCC /* PopEventDetail.swift in Sources */ = {isa = PBXBuildFile; fileRef = 88F5EE0A24D2AA6000212DCC /* PopEventDetail.swift */; };
		88F5EE0D24D2AA7700212DCC /* PopEventList.swift in Sources */ = {isa = PBXBuildFile; fileRef = 88F5EE0C24D2AA7700212DCC /* PopEventList.swift */; };
		88F5EE0F24D2AAA800212DCC /* PopEventAdd.swift in Sources */ = {isa = PBXBuildFile; fileRef = 88F5EE0E24D2AAA800212DCC /* PopEventAdd.swift */; };
		88F5EE1124D2EB1000212DCC /* Initializer.swift in Sources */ = {isa = PBXBuildFile; fileRef = 88F5EE1024D2EB1000212DCC /* Initializer.swift */; };
		88F5EE1324D2EBBD00212DCC /* Global.swift in Sources */ = {isa = PBXBuildFile; fileRef = 88F5EE1224D2EBBD00212DCC /* Global.swift */; };
/* End PBXBuildFile section */

/* Begin PBXCopyFilesBuildPhase section */
		88F5EDF324CEC3D700212DCC /* Embed Frameworks */ = {
			isa = PBXCopyFilesBuildPhase;
			buildActionMask = 2147483647;
			dstPath = "";
			dstSubfolderSpec = 10;
			files = (
				88F5EDFC24CF2A7200212DCC /* SQLite.framework in Embed Frameworks */,
				88F5EDF224CEC3D700212DCC /* XCGLogger.framework in Embed Frameworks */,
			);
			name = "Embed Frameworks";
			runOnlyForDeploymentPostprocessing = 0;
		};
/* End PBXCopyFilesBuildPhase section */

/* Begin PBXFileReference section */
		8858AB3C24D5497A00D729CA /* ArcProgress.swift */ = {isa = PBXFileReference; fileEncoding = 4; lastKnownFileType = sourcecode.swift; path = ArcProgress.swift; sourceTree = "<group>"; };
		8858AB3D24D5497A00D729CA /* CircularProgress.swift */ = {isa = PBXFileReference; fileEncoding = 4; lastKnownFileType = sourcecode.swift; path = CircularProgress.swift; sourceTree = "<group>"; };
		8858AB3E24D5497A00D729CA /* LinearProgress.swift */ = {isa = PBXFileReference; fileEncoding = 4; lastKnownFileType = sourcecode.swift; path = LinearProgress.swift; sourceTree = "<group>"; };
		8858AB3F24D5497A00D729CA /* FilledCircleProgress.swift */ = {isa = PBXFileReference; fileEncoding = 4; lastKnownFileType = sourcecode.swift; path = FilledCircleProgress.swift; sourceTree = "<group>"; };
		8867F35224D320FF007DE930 /* EventRow.swift */ = {isa = PBXFileReference; lastKnownFileType = sourcecode.swift; path = EventRow.swift; sourceTree = "<group>"; };
		88F5EDCC24CE6C2500212DCC /* Countdown.app */ = {isa = PBXFileReference; explicitFileType = wrapper.application; includeInIndex = 0; path = Countdown.app; sourceTree = BUILT_PRODUCTS_DIR; };
		88F5EDCF24CE6C2500212DCC /* AppDelegate.swift */ = {isa = PBXFileReference; lastKnownFileType = sourcecode.swift; path = AppDelegate.swift; sourceTree = "<group>"; };
		88F5EDD124CE6C2500212DCC /* ContentView.swift */ = {isa = PBXFileReference; lastKnownFileType = sourcecode.swift; path = ContentView.swift; sourceTree = "<group>"; };
		88F5EDD324CE6C2800212DCC /* Assets.xcassets */ = {isa = PBXFileReference; lastKnownFileType = folder.assetcatalog; path = Assets.xcassets; sourceTree = "<group>"; };
		88F5EDD624CE6C2800212DCC /* Preview Assets.xcassets */ = {isa = PBXFileReference; lastKnownFileType = folder.assetcatalog; path = "Preview Assets.xcassets"; sourceTree = "<group>"; };
		88F5EDD924CE6C2800212DCC /* Base */ = {isa = PBXFileReference; lastKnownFileType = file.storyboard; name = Base; path = Base.lproj/Main.storyboard; sourceTree = "<group>"; };
		88F5EDDB24CE6C2800212DCC /* Info.plist */ = {isa = PBXFileReference; lastKnownFileType = text.plist.xml; path = Info.plist; sourceTree = "<group>"; };
		88F5EDDC24CE6C2800212DCC /* Countdown.entitlements */ = {isa = PBXFileReference; lastKnownFileType = text.plist.entitlements; path = Countdown.entitlements; sourceTree = "<group>"; };
		88F5EDE424CEABFF00212DCC /* StatusBarController.swift */ = {isa = PBXFileReference; lastKnownFileType = sourcecode.swift; path = StatusBarController.swift; sourceTree = "<group>"; };
		88F5EDE624CEB0C300212DCC /* PopRootView.swift */ = {isa = PBXFileReference; lastKnownFileType = sourcecode.swift; path = PopRootView.swift; sourceTree = "<group>"; };
		88F5EDE924CEB9D700212DCC /* EventMonitor.swift */ = {isa = PBXFileReference; lastKnownFileType = sourcecode.swift; path = EventMonitor.swift; sourceTree = "<group>"; };
		88F5EDED24CEC29E00212DCC /* Test.swift */ = {isa = PBXFileReference; lastKnownFileType = sourcecode.swift; path = Test.swift; sourceTree = "<group>"; };
		88F5EDF024CEC3D700212DCC /* XCGLogger.framework */ = {isa = PBXFileReference; lastKnownFileType = wrapper.framework; name = XCGLogger.framework; path = Carthage/Build/Mac/XCGLogger.framework; sourceTree = "<group>"; };
		88F5EDF724CEEDDA00212DCC /* Extension.swift */ = {isa = PBXFileReference; lastKnownFileType = sourcecode.swift; path = Extension.swift; sourceTree = "<group>"; };
		88F5EDFA24CF2A7200212DCC /* SQLite.framework */ = {isa = PBXFileReference; lastKnownFileType = wrapper.framework; name = SQLite.framework; path = Carthage/Build/Mac/SQLite.framework; sourceTree = "<group>"; };
		88F5EE0024CFB8EE00212DCC /* CountdownEvent.swift */ = {isa = PBXFileReference; lastKnownFileType = sourcecode.swift; path = CountdownEvent.swift; sourceTree = "<group>"; };
		88F5EE0224D163A100212DCC /* TestView.swift */ = {isa = PBXFileReference; lastKnownFileType = sourcecode.swift; path = TestView.swift; sourceTree = "<group>"; };
		88F5EE0A24D2AA6000212DCC /* PopEventDetail.swift */ = {isa = PBXFileReference; lastKnownFileType = sourcecode.swift; path = PopEventDetail.swift; sourceTree = "<group>"; };
		88F5EE0C24D2AA7700212DCC /* PopEventList.swift */ = {isa = PBXFileReference; lastKnownFileType = sourcecode.swift; path = PopEventList.swift; sourceTree = "<group>"; };
		88F5EE0E24D2AAA800212DCC /* PopEventAdd.swift */ = {isa = PBXFileReference; lastKnownFileType = sourcecode.swift; path = PopEventAdd.swift; sourceTree = "<group>"; };
		88F5EE1024D2EB1000212DCC /* Initializer.swift */ = {isa = PBXFileReference; lastKnownFileType = sourcecode.swift; path = Initializer.swift; sourceTree = "<group>"; };
		88F5EE1224D2EBBD00212DCC /* Global.swift */ = {isa = PBXFileReference; lastKnownFileType = sourcecode.swift; path = Global.swift; sourceTree = "<group>"; };
/* End PBXFileReference section */

/* Begin PBXFrameworksBuildPhase section */
		88F5EDC924CE6C2500212DCC /* Frameworks */ = {
			isa = PBXFrameworksBuildPhase;
			buildActionMask = 2147483647;
			files = (
				88F5EDFB24CF2A7200212DCC /* SQLite.framework in Frameworks */,
				88F5EDF124CEC3D700212DCC /* XCGLogger.framework in Frameworks */,
			);
			runOnlyForDeploymentPostprocessing = 0;
		};
/* End PBXFrameworksBuildPhase section */

/* Begin PBXGroup section */
		88F1BE3F24D40D45004847D7 /* ProgressView */ = {
			isa = PBXGroup;
			children = (
				8858AB3C24D5497A00D729CA /* ArcProgress.swift */,
				8858AB3D24D5497A00D729CA /* CircularProgress.swift */,
				8858AB3F24D5497A00D729CA /* FilledCircleProgress.swift */,
				8858AB3E24D5497A00D729CA /* LinearProgress.swift */,
			);
			path = ProgressView;
			sourceTree = "<group>";
		};
		88F5EDC324CE6C2500212DCC = {
			isa = PBXGroup;
			children = (
				88F5EDCE24CE6C2500212DCC /* Countdown */,
				88F5EDCD24CE6C2500212DCC /* Products */,
				88F5EDEF24CEC3D700212DCC /* Frameworks */,
			);
			sourceTree = "<group>";
		};
		88F5EDCD24CE6C2500212DCC /* Products */ = {
			isa = PBXGroup;
			children = (
				88F5EDCC24CE6C2500212DCC /* Countdown.app */,
			);
			name = Products;
			sourceTree = "<group>";
		};
		88F5EDCE24CE6C2500212DCC /* Countdown */ = {
			isa = PBXGroup;
			children = (
				88F5EDFF24CFB8CC00212DCC /* Model */,
				88F5EDF924CF2A0100212DCC /* Test */,
				88F5EDE824CEB9CA00212DCC /* Helper */,
				88F5EDE324CEABE900212DCC /* Controller */,
				88F5EDE224CEAB0900212DCC /* View */,
				88F5EDCF24CE6C2500212DCC /* AppDelegate.swift */,
				88F5EDD324CE6C2800212DCC /* Assets.xcassets */,
				88F5EDD824CE6C2800212DCC /* Main.storyboard */,
				88F5EDDB24CE6C2800212DCC /* Info.plist */,
				88F5EDDC24CE6C2800212DCC /* Countdown.entitlements */,
				88F5EDD524CE6C2800212DCC /* Preview Content */,
			);
			path = Countdown;
			sourceTree = "<group>";
		};
		88F5EDD524CE6C2800212DCC /* Preview Content */ = {
			isa = PBXGroup;
			children = (
				88F5EDD624CE6C2800212DCC /* Preview Assets.xcassets */,
			);
			path = "Preview Content";
			sourceTree = "<group>";
		};
		88F5EDE224CEAB0900212DCC /* View */ = {
			isa = PBXGroup;
			children = (
				88F1BE3F24D40D45004847D7 /* ProgressView */,
				88F5EDD124CE6C2500212DCC /* ContentView.swift */,
				88F5EE0224D163A100212DCC /* TestView.swift */,
				88F5EDE624CEB0C300212DCC /* PopRootView.swift */,
				88F5EE0A24D2AA6000212DCC /* PopEventDetail.swift */,
				88F5EE0C24D2AA7700212DCC /* PopEventList.swift */,
				88F5EE0E24D2AAA800212DCC /* PopEventAdd.swift */,
				8867F35224D320FF007DE930 /* EventRow.swift */,
			);
			path = View;
			sourceTree = "<group>";
		};
		88F5EDE324CEABE900212DCC /* Controller */ = {
			isa = PBXGroup;
			children = (
				88F5EDE424CEABFF00212DCC /* StatusBarController.swift */,
			);
			path = Controller;
			sourceTree = "<group>";
		};
		88F5EDE824CEB9CA00212DCC /* Helper */ = {
			isa = PBXGroup;
			children = (
				88F5EE1224D2EBBD00212DCC /* Global.swift */,
				88F5EE1024D2EB1000212DCC /* Initializer.swift */,
				88F5EDF724CEEDDA00212DCC /* Extension.swift */,
				88F5EDE924CEB9D700212DCC /* EventMonitor.swift */,
			);
			path = Helper;
			sourceTree = "<group>";
		};
		88F5EDEF24CEC3D700212DCC /* Frameworks */ = {
			isa = PBXGroup;
			children = (
				88F5EDFA24CF2A7200212DCC /* SQLite.framework */,
				88F5EDF024CEC3D700212DCC /* XCGLogger.framework */,
			);
			name = Frameworks;
			sourceTree = "<group>";
		};
		88F5EDF924CF2A0100212DCC /* Test */ = {
			isa = PBXGroup;
			children = (
				88F5EDED24CEC29E00212DCC /* Test.swift */,
			);
			path = Test;
			sourceTree = "<group>";
		};
		88F5EDFF24CFB8CC00212DCC /* Model */ = {
			isa = PBXGroup;
			children = (
				88F5EE0024CFB8EE00212DCC /* CountdownEvent.swift */,
			);
			path = Model;
			sourceTree = "<group>";
		};
/* End PBXGroup section */

/* Begin PBXNativeTarget section */
		88F5EDCB24CE6C2500212DCC /* Countdown */ = {
			isa = PBXNativeTarget;
			buildConfigurationList = 88F5EDDF24CE6C2800212DCC /* Build configuration list for PBXNativeTarget "Countdown" */;
			buildPhases = (
				88F5EDC824CE6C2500212DCC /* Sources */,
				88F5EDC924CE6C2500212DCC /* Frameworks */,
				88F5EDCA24CE6C2500212DCC /* Resources */,
				88F5EDF324CEC3D700212DCC /* Embed Frameworks */,
				88F5EDF424CEC3DD00212DCC /* Run Script */,
			);
			buildRules = (
			);
			dependencies = (
			);
			name = Countdown;
			productName = Countdown;
			productReference = 88F5EDCC24CE6C2500212DCC /* Countdown.app */;
			productType = "com.apple.product-type.application";
		};
/* End PBXNativeTarget section */

/* Begin PBXProject section */
		88F5EDC424CE6C2500212DCC /* Project object */ = {
			isa = PBXProject;
			attributes = {
				LastSwiftUpdateCheck = 1160;
				LastUpgradeCheck = 1160;
				ORGANIZATIONNAME = funwaywang;
				TargetAttributes = {
					88F5EDCB24CE6C2500212DCC = {
						CreatedOnToolsVersion = 11.6;
					};
				};
			};
			buildConfigurationList = 88F5EDC724CE6C2500212DCC /* Build configuration list for PBXProject "Countdown" */;
			compatibilityVersion = "Xcode 9.3";
			developmentRegion = en;
			hasScannedForEncodings = 0;
			knownRegions = (
				en,
				Base,
			);
			mainGroup = 88F5EDC324CE6C2500212DCC;
			productRefGroup = 88F5EDCD24CE6C2500212DCC /* Products */;
			projectDirPath = "";
			projectRoot = "";
			targets = (
				88F5EDCB24CE6C2500212DCC /* Countdown */,
			);
		};
/* End PBXProject section */

/* Begin PBXResourcesBuildPhase section */
		88F5EDCA24CE6C2500212DCC /* Resources */ = {
			isa = PBXResourcesBuildPhase;
			buildActionMask = 2147483647;
			files = (
				88F5EDDA24CE6C2800212DCC /* Main.storyboard in Resources */,
				88F5EDD724CE6C2800212DCC /* Preview Assets.xcassets in Resources */,
				88F5EDD424CE6C2800212DCC /* Assets.xcassets in Resources */,
			);
			runOnlyForDeploymentPostprocessing = 0;
		};
/* End PBXResourcesBuildPhase section */

/* Begin PBXShellScriptBuildPhase section */
		88F5EDF424CEC3DD00212DCC /* Run Script */ = {
			isa = PBXShellScriptBuildPhase;
			buildActionMask = 2147483647;
			files = (
			);
			inputFileListPaths = (
			);
			inputPaths = (
				"$(SRCROOT)/Carthage/Build/Mac/XCGLogger.framework",
				"$(SRCROOT)/Carthage/Build/Mac/ObjcExceptionBridging.framework",
				"$(SRCROOT)/Carthage/Build/Mac/SQLite.framework",
			);
			name = "Run Script";
			outputFileListPaths = (
			);
			outputPaths = (
			);
			runOnlyForDeploymentPostprocessing = 0;
			shellPath = /bin/sh;
			shellScript = "# Type a script or drag a script file from your workspace to insert its path.\n/usr/local/bin/carthage copy-frameworks\n";
		};
/* End PBXShellScriptBuildPhase section */

/* Begin PBXSourcesBuildPhase section */
		88F5EDC824CE6C2500212DCC /* Sources */ = {
			isa = PBXSourcesBuildPhase;
			buildActionMask = 2147483647;
			files = (
				88F5EDE724CEB0C300212DCC /* PopRootView.swift in Sources */,
				88F5EE0324D163A100212DCC /* TestView.swift in Sources */,
				8858AB4324D5497A00D729CA /* FilledCircleProgress.swift in Sources */,
				88F5EE0D24D2AA7700212DCC /* PopEventList.swift in Sources */,
				8858AB4224D5497A00D729CA /* LinearProgress.swift in Sources */,
				88F5EDEA24CEB9D700212DCC /* EventMonitor.swift in Sources */,
				88F5EE0B24D2AA6000212DCC /* PopEventDetail.swift in Sources */,
				88F5EDD224CE6C2500212DCC /* ContentView.swift in Sources */,
				88F5EE1324D2EBBD00212DCC /* Global.swift in Sources */,
				8858AB4024D5497A00D729CA /* ArcProgress.swift in Sources */,
				8867F35324D320FF007DE930 /* EventRow.swift in Sources */,
				88F5EDE524CEABFF00212DCC /* StatusBarController.swift in Sources */,
				88F5EE0124CFB8EE00212DCC /* CountdownEvent.swift in Sources */,
				88F5EDD024CE6C2500212DCC /* AppDelegate.swift in Sources */,
				88F5EE0F24D2AAA800212DCC /* PopEventAdd.swift in Sources */,
				88F5EDEE24CEC29E00212DCC /* Test.swift in Sources */,
				8858AB4124D5497A00D729CA /* CircularProgress.swift in Sources */,
				88F5EDF824CEEDDA00212DCC /* Extension.swift in Sources */,
				88F5EE1124D2EB1000212DCC /* Initializer.swift in Sources */,
			);
			runOnlyForDeploymentPostprocessing = 0;
		};
/* End PBXSourcesBuildPhase section */

/* Begin PBXVariantGroup section */
		88F5EDD824CE6C2800212DCC /* Main.storyboard */ = {
			isa = PBXVariantGroup;
			children = (
				88F5EDD924CE6C2800212DCC /* Base */,
			);
			name = Main.storyboard;
			sourceTree = "<group>";
		};
/* End PBXVariantGroup section */

/* Begin XCBuildConfiguration section */
		88F5EDDD24CE6C2800212DCC /* Debug */ = {
			isa = XCBuildConfiguration;
			buildSettings = {
				ALWAYS_SEARCH_USER_PATHS = NO;
				CLANG_ANALYZER_NONNULL = YES;
				CLANG_ANALYZER_NUMBER_OBJECT_CONVERSION = YES_AGGRESSIVE;
				CLANG_CXX_LANGUAGE_STANDARD = "gnu++14";
				CLANG_CXX_LIBRARY = "libc++";
				CLANG_ENABLE_MODULES = YES;
				CLANG_ENABLE_OBJC_ARC = YES;
				CLANG_ENABLE_OBJC_WEAK = YES;
				CLANG_WARN_BLOCK_CAPTURE_AUTORELEASING = YES;
				CLANG_WARN_BOOL_CONVERSION = YES;
				CLANG_WARN_COMMA = YES;
				CLANG_WARN_CONSTANT_CONVERSION = YES;
				CLANG_WARN_DEPRECATED_OBJC_IMPLEMENTATIONS = YES;
				CLANG_WARN_DIRECT_OBJC_ISA_USAGE = YES_ERROR;
				CLANG_WARN_DOCUMENTATION_COMMENTS = YES;
				CLANG_WARN_EMPTY_BODY = YES;
				CLANG_WARN_ENUM_CONVERSION = YES;
				CLANG_WARN_INFINITE_RECURSION = YES;
				CLANG_WARN_INT_CONVERSION = YES;
				CLANG_WARN_NON_LITERAL_NULL_CONVERSION = YES;
				CLANG_WARN_OBJC_IMPLICIT_RETAIN_SELF = YES;
				CLANG_WARN_OBJC_LITERAL_CONVERSION = YES;
				CLANG_WARN_OBJC_ROOT_CLASS = YES_ERROR;
				CLANG_WARN_RANGE_LOOP_ANALYSIS = YES;
				CLANG_WARN_STRICT_PROTOTYPES = YES;
				CLANG_WARN_SUSPICIOUS_MOVE = YES;
				CLANG_WARN_UNGUARDED_AVAILABILITY = YES_AGGRESSIVE;
				CLANG_WARN_UNREACHABLE_CODE = YES;
				CLANG_WARN__DUPLICATE_METHOD_MATCH = YES;
				COPY_PHASE_STRIP = NO;
				DEBUG_INFORMATION_FORMAT = dwarf;
				ENABLE_STRICT_OBJC_MSGSEND = YES;
				ENABLE_TESTABILITY = YES;
				GCC_C_LANGUAGE_STANDARD = gnu11;
				GCC_DYNAMIC_NO_PIC = NO;
				GCC_NO_COMMON_BLOCKS = YES;
				GCC_OPTIMIZATION_LEVEL = 0;
				GCC_PREPROCESSOR_DEFINITIONS = (
					"DEBUG=1",
					"$(inherited)",
				);
				GCC_WARN_64_TO_32_BIT_CONVERSION = YES;
				GCC_WARN_ABOUT_RETURN_TYPE = YES_ERROR;
				GCC_WARN_UNDECLARED_SELECTOR = YES;
				GCC_WARN_UNINITIALIZED_AUTOS = YES_AGGRESSIVE;
				GCC_WARN_UNUSED_FUNCTION = YES;
				GCC_WARN_UNUSED_VARIABLE = YES;
				MACOSX_DEPLOYMENT_TARGET = 10.15;
				MTL_ENABLE_DEBUG_INFO = INCLUDE_SOURCE;
				MTL_FAST_MATH = YES;
				ONLY_ACTIVE_ARCH = YES;
				SDKROOT = macosx;
				SWIFT_ACTIVE_COMPILATION_CONDITIONS = DEBUG;
				SWIFT_OPTIMIZATION_LEVEL = "-Onone";
			};
			name = Debug;
		};
		88F5EDDE24CE6C2800212DCC /* Release */ = {
			isa = XCBuildConfiguration;
			buildSettings = {
				ALWAYS_SEARCH_USER_PATHS = NO;
				CLANG_ANALYZER_NONNULL = YES;
				CLANG_ANALYZER_NUMBER_OBJECT_CONVERSION = YES_AGGRESSIVE;
				CLANG_CXX_LANGUAGE_STANDARD = "gnu++14";
				CLANG_CXX_LIBRARY = "libc++";
				CLANG_ENABLE_MODULES = YES;
				CLANG_ENABLE_OBJC_ARC = YES;
				CLANG_ENABLE_OBJC_WEAK = YES;
				CLANG_WARN_BLOCK_CAPTURE_AUTORELEASING = YES;
				CLANG_WARN_BOOL_CONVERSION = YES;
				CLANG_WARN_COMMA = YES;
				CLANG_WARN_CONSTANT_CONVERSION = YES;
				CLANG_WARN_DEPRECATED_OBJC_IMPLEMENTATIONS = YES;
				CLANG_WARN_DIRECT_OBJC_ISA_USAGE = YES_ERROR;
				CLANG_WARN_DOCUMENTATION_COMMENTS = YES;
				CLANG_WARN_EMPTY_BODY = YES;
				CLANG_WARN_ENUM_CONVERSION = YES;
				CLANG_WARN_INFINITE_RECURSION = YES;
				CLANG_WARN_INT_CONVERSION = YES;
				CLANG_WARN_NON_LITERAL_NULL_CONVERSION = YES;
				CLANG_WARN_OBJC_IMPLICIT_RETAIN_SELF = YES;
				CLANG_WARN_OBJC_LITERAL_CONVERSION = YES;
				CLANG_WARN_OBJC_ROOT_CLASS = YES_ERROR;
				CLANG_WARN_RANGE_LOOP_ANALYSIS = YES;
				CLANG_WARN_STRICT_PROTOTYPES = YES;
				CLANG_WARN_SUSPICIOUS_MOVE = YES;
				CLANG_WARN_UNGUARDED_AVAILABILITY = YES_AGGRESSIVE;
				CLANG_WARN_UNREACHABLE_CODE = YES;
				CLANG_WARN__DUPLICATE_METHOD_MATCH = YES;
				COPY_PHASE_STRIP = NO;
				DEBUG_INFORMATION_FORMAT = "dwarf-with-dsym";
				ENABLE_NS_ASSERTIONS = NO;
				ENABLE_STRICT_OBJC_MSGSEND = YES;
				GCC_C_LANGUAGE_STANDARD = gnu11;
				GCC_NO_COMMON_BLOCKS = YES;
				GCC_WARN_64_TO_32_BIT_CONVERSION = YES;
				GCC_WARN_ABOUT_RETURN_TYPE = YES_ERROR;
				GCC_WARN_UNDECLARED_SELECTOR = YES;
				GCC_WARN_UNINITIALIZED_AUTOS = YES_AGGRESSIVE;
				GCC_WARN_UNUSED_FUNCTION = YES;
				GCC_WARN_UNUSED_VARIABLE = YES;
				MACOSX_DEPLOYMENT_TARGET = 10.15;
				MTL_ENABLE_DEBUG_INFO = NO;
				MTL_FAST_MATH = YES;
				SDKROOT = macosx;
				SWIFT_COMPILATION_MODE = wholemodule;
				SWIFT_OPTIMIZATION_LEVEL = "-O";
			};
			name = Release;
		};
		88F5EDE024CE6C2800212DCC /* Debug */ = {
			isa = XCBuildConfiguration;
			buildSettings = {
				ASSETCATALOG_COMPILER_APPICON_NAME = AppIcon;
				CODE_SIGN_ENTITLEMENTS = Countdown/Countdown.entitlements;
				CODE_SIGN_STYLE = Automatic;
				COMBINE_HIDPI_IMAGES = YES;
				DEVELOPMENT_ASSET_PATHS = "\"Countdown/Preview Content\"";
				DEVELOPMENT_TEAM = 78KUS8C9YH;
				ENABLE_HARDENED_RUNTIME = YES;
				ENABLE_PREVIEWS = YES;
				FRAMEWORK_SEARCH_PATHS = (
					"$(inherited)",
					"$(PROJECT_DIR)/Carthage/Build/Mac",
				);
				INFOPLIST_FILE = Countdown/Info.plist;
				LD_RUNPATH_SEARCH_PATHS = (
					"$(inherited)",
					"@executable_path/../Frameworks",
				);
				MACOSX_DEPLOYMENT_TARGET = 10.15;
				PRODUCT_BUNDLE_IDENTIFIER = me.hawu.Countdown;
				PRODUCT_NAME = "$(TARGET_NAME)";
				SWIFT_VERSION = 5.0;
			};
			name = Debug;
		};
		88F5EDE124CE6C2800212DCC /* Release */ = {
			isa = XCBuildConfiguration;
			buildSettings = {
				ASSETCATALOG_COMPILER_APPICON_NAME = AppIcon;
				CODE_SIGN_ENTITLEMENTS = Countdown/Countdown.entitlements;
				CODE_SIGN_STYLE = Automatic;
				COMBINE_HIDPI_IMAGES = YES;
				DEVELOPMENT_ASSET_PATHS = "\"Countdown/Preview Content\"";
				DEVELOPMENT_TEAM = 78KUS8C9YH;
				ENABLE_HARDENED_RUNTIME = YES;
				ENABLE_PREVIEWS = YES;
				FRAMEWORK_SEARCH_PATHS = (
					"$(inherited)",
					"$(PROJECT_DIR)/Carthage/Build/Mac",
				);
				INFOPLIST_FILE = Countdown/Info.plist;
				LD_RUNPATH_SEARCH_PATHS = (
					"$(inherited)",
					"@executable_path/../Frameworks",
				);
				MACOSX_DEPLOYMENT_TARGET = 10.15;
				PRODUCT_BUNDLE_IDENTIFIER = me.hawu.Countdown;
				PRODUCT_NAME = "$(TARGET_NAME)";
				SWIFT_VERSION = 5.0;
			};
			name = Release;
		};
/* End XCBuildConfiguration section */

/* Begin XCConfigurationList section */
		88F5EDC724CE6C2500212DCC /* Build configuration list for PBXProject "Countdown" */ = {
			isa = XCConfigurationList;
			buildConfigurations = (
				88F5EDDD24CE6C2800212DCC /* Debug */,
				88F5EDDE24CE6C2800212DCC /* Release */,
			);
			defaultConfigurationIsVisible = 0;
			defaultConfigurationName = Release;
		};
		88F5EDDF24CE6C2800212DCC /* Build configuration list for PBXNativeTarget "Countdown" */ = {
			isa = XCConfigurationList;
			buildConfigurations = (
				88F5EDE024CE6C2800212DCC /* Debug */,
				88F5EDE124CE6C2800212DCC /* Release */,
			);
			defaultConfigurationIsVisible = 0;
			defaultConfigurationName = Release;
		};
/* End XCConfigurationList section */
	};
	rootObject = 88F5EDC424CE6C2500212DCC /* Project object */;
}
